// !$*UTF8*$!
{
	archiveVersion = 1;
	classes = {
	};
	objectVersion = 52;
	objects = {

/* Begin PBXBuildFile section */
		4F2E7F190757A87B9C6E1CCF /* Pods_MERCYDA_TRACK_MERCYDA_TRACKUITests.framework in Frameworks */ = {isa = PBXBuildFile; fileRef = 7ABD410BDEE66698CA5B7150 /* Pods_MERCYDA_TRACK_MERCYDA_TRACKUITests.framework */; };
		52457D9E24AB78C70078487A /* CoreDataHelper.swift in Sources */ = {isa = PBXBuildFile; fileRef = 52457D9D24AB78C70078487A /* CoreDataHelper.swift */; };
		52457DA024AB78DF0078487A /* Helper.swift in Sources */ = {isa = PBXBuildFile; fileRef = 52457D9F24AB78DF0078487A /* Helper.swift */; };
		52457DA224AB78E80078487A /* Connectivity.swift in Sources */ = {isa = PBXBuildFile; fileRef = 52457DA124AB78E80078487A /* Connectivity.swift */; };
		52457DA424AB78F30078487A /* Localizable.swift in Sources */ = {isa = PBXBuildFile; fileRef = 52457DA324AB78F30078487A /* Localizable.swift */; };
		52457DAE24AB7B670078487A /* DateFormatter+Extension.swift in Sources */ = {isa = PBXBuildFile; fileRef = 52457DAD24AB7B670078487A /* DateFormatter+Extension.swift */; };
		52457DAF24AB7B670078487A /* DateFormatter+Extension.swift in Sources */ = {isa = PBXBuildFile; fileRef = 52457DAD24AB7B670078487A /* DateFormatter+Extension.swift */; };
		52457DB024AB7B670078487A /* DateFormatter+Extension.swift in Sources */ = {isa = PBXBuildFile; fileRef = 52457DAD24AB7B670078487A /* DateFormatter+Extension.swift */; };
		52457DB224AB7B7A0078487A /* Dictionary+Extension.swift in Sources */ = {isa = PBXBuildFile; fileRef = 52457DB124AB7B7A0078487A /* Dictionary+Extension.swift */; };
		52457DB324AB7B7A0078487A /* Dictionary+Extension.swift in Sources */ = {isa = PBXBuildFile; fileRef = 52457DB124AB7B7A0078487A /* Dictionary+Extension.swift */; };
		52457DB424AB7B7A0078487A /* Dictionary+Extension.swift in Sources */ = {isa = PBXBuildFile; fileRef = 52457DB124AB7B7A0078487A /* Dictionary+Extension.swift */; };
		52457DB624AB7B890078487A /* NSManagedObjectContext+Extension.swift in Sources */ = {isa = PBXBuildFile; fileRef = 52457DB524AB7B890078487A /* NSManagedObjectContext+Extension.swift */; };
		52457DB724AB7B890078487A /* NSManagedObjectContext+Extension.swift in Sources */ = {isa = PBXBuildFile; fileRef = 52457DB524AB7B890078487A /* NSManagedObjectContext+Extension.swift */; };
		52457DB824AB7B890078487A /* NSManagedObjectContext+Extension.swift in Sources */ = {isa = PBXBuildFile; fileRef = 52457DB524AB7B890078487A /* NSManagedObjectContext+Extension.swift */; };
		52457DBA24AB7B900078487A /* String+Extension.swift in Sources */ = {isa = PBXBuildFile; fileRef = 52457DB924AB7B900078487A /* String+Extension.swift */; };
		52457DBB24AB7B900078487A /* String+Extension.swift in Sources */ = {isa = PBXBuildFile; fileRef = 52457DB924AB7B900078487A /* String+Extension.swift */; };
		52457DBC24AB7B900078487A /* String+Extension.swift in Sources */ = {isa = PBXBuildFile; fileRef = 52457DB924AB7B900078487A /* String+Extension.swift */; };
		52457DBE24AB7B980078487A /* UIApplication+AppVersion.swift in Sources */ = {isa = PBXBuildFile; fileRef = 52457DBD24AB7B980078487A /* UIApplication+AppVersion.swift */; };
		52457DBF24AB7B980078487A /* UIApplication+AppVersion.swift in Sources */ = {isa = PBXBuildFile; fileRef = 52457DBD24AB7B980078487A /* UIApplication+AppVersion.swift */; };
		52457DC024AB7B980078487A /* UIApplication+AppVersion.swift in Sources */ = {isa = PBXBuildFile; fileRef = 52457DBD24AB7B980078487A /* UIApplication+AppVersion.swift */; };
		52457DC224AB7BA30078487A /* UIApplication+Extension.swift in Sources */ = {isa = PBXBuildFile; fileRef = 52457DC124AB7BA30078487A /* UIApplication+Extension.swift */; };
		52457DC324AB7BA30078487A /* UIApplication+Extension.swift in Sources */ = {isa = PBXBuildFile; fileRef = 52457DC124AB7BA30078487A /* UIApplication+Extension.swift */; };
		52457DC424AB7BA30078487A /* UIApplication+Extension.swift in Sources */ = {isa = PBXBuildFile; fileRef = 52457DC124AB7BA30078487A /* UIApplication+Extension.swift */; };
		52457DC624AB7BC80078487A /* UINavigationController+Extension.swift in Sources */ = {isa = PBXBuildFile; fileRef = 52457DC524AB7BC80078487A /* UINavigationController+Extension.swift */; };
		52457DC724AB7BC80078487A /* UINavigationController+Extension.swift in Sources */ = {isa = PBXBuildFile; fileRef = 52457DC524AB7BC80078487A /* UINavigationController+Extension.swift */; };
		52457DC824AB7BC90078487A /* UINavigationController+Extension.swift in Sources */ = {isa = PBXBuildFile; fileRef = 52457DC524AB7BC80078487A /* UINavigationController+Extension.swift */; };
		52457DCA24AB7BE70078487A /* UIView+Extension.swift in Sources */ = {isa = PBXBuildFile; fileRef = 52457DC924AB7BE70078487A /* UIView+Extension.swift */; };
		52457DCB24AB7BE70078487A /* UIView+Extension.swift in Sources */ = {isa = PBXBuildFile; fileRef = 52457DC924AB7BE70078487A /* UIView+Extension.swift */; };
		52457DCC24AB7BE70078487A /* UIView+Extension.swift in Sources */ = {isa = PBXBuildFile; fileRef = 52457DC924AB7BE70078487A /* UIView+Extension.swift */; };
		52457DCE24AB7BF00078487A /* UserDefaults+Extension.swift in Sources */ = {isa = PBXBuildFile; fileRef = 52457DCD24AB7BF00078487A /* UserDefaults+Extension.swift */; };
		52457DCF24AB7BF00078487A /* UserDefaults+Extension.swift in Sources */ = {isa = PBXBuildFile; fileRef = 52457DCD24AB7BF00078487A /* UserDefaults+Extension.swift */; };
		52457DD024AB7BF00078487A /* UserDefaults+Extension.swift in Sources */ = {isa = PBXBuildFile; fileRef = 52457DCD24AB7BF00078487A /* UserDefaults+Extension.swift */; };
		52457DD224AB7BFB0078487A /* UIColor+Extension.swift in Sources */ = {isa = PBXBuildFile; fileRef = 52457DD124AB7BFB0078487A /* UIColor+Extension.swift */; };
		52457DD324AB7BFB0078487A /* UIColor+Extension.swift in Sources */ = {isa = PBXBuildFile; fileRef = 52457DD124AB7BFB0078487A /* UIColor+Extension.swift */; };
		52457DD424AB7BFB0078487A /* UIColor+Extension.swift in Sources */ = {isa = PBXBuildFile; fileRef = 52457DD124AB7BFB0078487A /* UIColor+Extension.swift */; };
		52457DD624AB7C560078487A /* BaseViewController.swift in Sources */ = {isa = PBXBuildFile; fileRef = 52457DD524AB7C560078487A /* BaseViewController.swift */; };
		52457DD724AB7C560078487A /* BaseViewController.swift in Sources */ = {isa = PBXBuildFile; fileRef = 52457DD524AB7C560078487A /* BaseViewController.swift */; };
		52457DD824AB7C560078487A /* BaseViewController.swift in Sources */ = {isa = PBXBuildFile; fileRef = 52457DD524AB7C560078487A /* BaseViewController.swift */; };
		52457DDC24AB7CB20078487A /* ThemeManager.swift in Sources */ = {isa = PBXBuildFile; fileRef = 52457DDA24AB7CB20078487A /* ThemeManager.swift */; };
		52457DDD24AB7CB20078487A /* ThemeManager.swift in Sources */ = {isa = PBXBuildFile; fileRef = 52457DDA24AB7CB20078487A /* ThemeManager.swift */; };
		52457DDE24AB7CB20078487A /* ThemeManager.swift in Sources */ = {isa = PBXBuildFile; fileRef = 52457DDA24AB7CB20078487A /* ThemeManager.swift */; };
		52457DDF24AB7CB20078487A /* Styles.swift in Sources */ = {isa = PBXBuildFile; fileRef = 52457DDB24AB7CB20078487A /* Styles.swift */; };
		52457DE024AB7CB20078487A /* Styles.swift in Sources */ = {isa = PBXBuildFile; fileRef = 52457DDB24AB7CB20078487A /* Styles.swift */; };
		52457DE124AB7CB20078487A /* Styles.swift in Sources */ = {isa = PBXBuildFile; fileRef = 52457DDB24AB7CB20078487A /* Styles.swift */; };
		52457DE424AB7CF00078487A /* SDKManager.swift in Sources */ = {isa = PBXBuildFile; fileRef = 52457DE324AB7CF00078487A /* SDKManager.swift */; };
		52457DE524AB7CF00078487A /* SDKManager.swift in Sources */ = {isa = PBXBuildFile; fileRef = 52457DE324AB7CF00078487A /* SDKManager.swift */; };
		52457DE624AB7CF00078487A /* SDKManager.swift in Sources */ = {isa = PBXBuildFile; fileRef = 52457DE324AB7CF00078487A /* SDKManager.swift */; };
		52457DF124AB802F0078487A /* LoginViewModel.swift in Sources */ = {isa = PBXBuildFile; fileRef = 52457DF024AB802F0078487A /* LoginViewModel.swift */; };
		52457DF224AB802F0078487A /* LoginViewModel.swift in Sources */ = {isa = PBXBuildFile; fileRef = 52457DF024AB802F0078487A /* LoginViewModel.swift */; };
		52457DF324AB802F0078487A /* LoginViewModel.swift in Sources */ = {isa = PBXBuildFile; fileRef = 52457DF024AB802F0078487A /* LoginViewModel.swift */; };
		52457DF524AB81700078487A /* LoginViewController.swift in Sources */ = {isa = PBXBuildFile; fileRef = 52457DF424AB81700078487A /* LoginViewController.swift */; };
		52457DF624AB81700078487A /* LoginViewController.swift in Sources */ = {isa = PBXBuildFile; fileRef = 52457DF424AB81700078487A /* LoginViewController.swift */; };
		52457DF724AB81700078487A /* LoginViewController.swift in Sources */ = {isa = PBXBuildFile; fileRef = 52457DF424AB81700078487A /* LoginViewController.swift */; };
		52457DF924AB83120078487A /* LoginLocalization.swift in Sources */ = {isa = PBXBuildFile; fileRef = 52457DF824AB83120078487A /* LoginLocalization.swift */; };
		52457DFA24AB83120078487A /* LoginLocalization.swift in Sources */ = {isa = PBXBuildFile; fileRef = 52457DF824AB83120078487A /* LoginLocalization.swift */; };
		52457DFB24AB83120078487A /* LoginLocalization.swift in Sources */ = {isa = PBXBuildFile; fileRef = 52457DF824AB83120078487A /* LoginLocalization.swift */; };
		84E3E52624AD0974004CC622 /* LoginTableviewCell.xib in Resources */ = {isa = PBXBuildFile; fileRef = 84E3E52424AD0974004CC622 /* LoginTableviewCell.xib */; };
		84E3E52724AD0974004CC622 /* LoginTableviewCell.xib in Resources */ = {isa = PBXBuildFile; fileRef = 84E3E52424AD0974004CC622 /* LoginTableviewCell.xib */; };
		84E3E52824AD0974004CC622 /* LoginTableviewCell.xib in Resources */ = {isa = PBXBuildFile; fileRef = 84E3E52424AD0974004CC622 /* LoginTableviewCell.xib */; };
		84E3E52924AD0974004CC622 /* LoginTableviewCell.swift in Sources */ = {isa = PBXBuildFile; fileRef = 84E3E52524AD0974004CC622 /* LoginTableviewCell.swift */; };
		84E3E52A24AD0974004CC622 /* LoginTableviewCell.swift in Sources */ = {isa = PBXBuildFile; fileRef = 84E3E52524AD0974004CC622 /* LoginTableviewCell.swift */; };
		84E3E52B24AD0974004CC622 /* LoginTableviewCell.swift in Sources */ = {isa = PBXBuildFile; fileRef = 84E3E52524AD0974004CC622 /* LoginTableviewCell.swift */; };
		84E3E52D24AD09C9004CC622 /* UItableViewExtension.swift in Sources */ = {isa = PBXBuildFile; fileRef = 84E3E52C24AD09C9004CC622 /* UItableViewExtension.swift */; };
		84E3E52E24AD09C9004CC622 /* UItableViewExtension.swift in Sources */ = {isa = PBXBuildFile; fileRef = 84E3E52C24AD09C9004CC622 /* UItableViewExtension.swift */; };
		84E3E52F24AD09C9004CC622 /* UItableViewExtension.swift in Sources */ = {isa = PBXBuildFile; fileRef = 84E3E52C24AD09C9004CC622 /* UItableViewExtension.swift */; };
		84E3E53124AD09E3004CC622 /* NSObjectExtension.swift in Sources */ = {isa = PBXBuildFile; fileRef = 84E3E53024AD09E3004CC622 /* NSObjectExtension.swift */; };
		84E3E53224AD09E3004CC622 /* NSObjectExtension.swift in Sources */ = {isa = PBXBuildFile; fileRef = 84E3E53024AD09E3004CC622 /* NSObjectExtension.swift */; };
		84E3E53324AD09E3004CC622 /* NSObjectExtension.swift in Sources */ = {isa = PBXBuildFile; fileRef = 84E3E53024AD09E3004CC622 /* NSObjectExtension.swift */; };
		84E3E53524AD09F7004CC622 /* StoryboardSupport.swift in Sources */ = {isa = PBXBuildFile; fileRef = 84E3E53424AD09F7004CC622 /* StoryboardSupport.swift */; };
		84E3E53624AD09F7004CC622 /* StoryboardSupport.swift in Sources */ = {isa = PBXBuildFile; fileRef = 84E3E53424AD09F7004CC622 /* StoryboardSupport.swift */; };
		84E3E53724AD09F7004CC622 /* StoryboardSupport.swift in Sources */ = {isa = PBXBuildFile; fileRef = 84E3E53424AD09F7004CC622 /* StoryboardSupport.swift */; };
		84E3E53924AD0A0E004CC622 /* Constants.swift in Sources */ = {isa = PBXBuildFile; fileRef = 84E3E53824AD0A0D004CC622 /* Constants.swift */; };
		84E3E53A24AD0A0E004CC622 /* Constants.swift in Sources */ = {isa = PBXBuildFile; fileRef = 84E3E53824AD0A0D004CC622 /* Constants.swift */; };
		84E3E53B24AD0A0E004CC622 /* Constants.swift in Sources */ = {isa = PBXBuildFile; fileRef = 84E3E53824AD0A0D004CC622 /* Constants.swift */; };
		84E3E53D24AD0BE2004CC622 /* Login.storyboard in Resources */ = {isa = PBXBuildFile; fileRef = 84E3E53C24AD0BE1004CC622 /* Login.storyboard */; };
		9AB0BB78C854CCC5EC7D5674 /* Pods_MERCYDA_TRACKTests.framework in Frameworks */ = {isa = PBXBuildFile; fileRef = AEF1BAFD7A7FE354B466991A /* Pods_MERCYDA_TRACKTests.framework */; };
		ABD695CD5CE4C5FC8828EE7A /* Pods_MERCYDA_TRACK.framework in Frameworks */ = {isa = PBXBuildFile; fileRef = 806926523CCCDA21560AE02F /* Pods_MERCYDA_TRACK.framework */; };
		C6623AC524AB970C003C3519 /* LoginResponse.swift in Sources */ = {isa = PBXBuildFile; fileRef = C6623AB924AB970C003C3519 /* LoginResponse.swift */; };
		C6623AC624AB970C003C3519 /* LoginResponse.swift in Sources */ = {isa = PBXBuildFile; fileRef = C6623AB924AB970C003C3519 /* LoginResponse.swift */; };
		C6623AC724AB970C003C3519 /* LoginResponse.swift in Sources */ = {isa = PBXBuildFile; fileRef = C6623AB924AB970C003C3519 /* LoginResponse.swift */; };
		C6623AC824AB970C003C3519 /* Last_updated_data.swift in Sources */ = {isa = PBXBuildFile; fileRef = C6623ABB24AB970C003C3519 /* Last_updated_data.swift */; };
		C6623AC924AB970C003C3519 /* Last_updated_data.swift in Sources */ = {isa = PBXBuildFile; fileRef = C6623ABB24AB970C003C3519 /* Last_updated_data.swift */; };
		C6623ACA24AB970C003C3519 /* Last_updated_data.swift in Sources */ = {isa = PBXBuildFile; fileRef = C6623ABB24AB970C003C3519 /* Last_updated_data.swift */; };
		C6623ACB24AB970C003C3519 /* Vehicle.swift in Sources */ = {isa = PBXBuildFile; fileRef = C6623ABC24AB970C003C3519 /* Vehicle.swift */; };
		C6623ACC24AB970C003C3519 /* Vehicle.swift in Sources */ = {isa = PBXBuildFile; fileRef = C6623ABC24AB970C003C3519 /* Vehicle.swift */; };
		C6623ACD24AB970C003C3519 /* Vehicle.swift in Sources */ = {isa = PBXBuildFile; fileRef = C6623ABC24AB970C003C3519 /* Vehicle.swift */; };
		C6623ACE24AB970C003C3519 /* GetVehicleDetailResponse.swift in Sources */ = {isa = PBXBuildFile; fileRef = C6623ABE24AB970C003C3519 /* GetVehicleDetailResponse.swift */; };
		C6623ACF24AB970C003C3519 /* GetVehicleDetailResponse.swift in Sources */ = {isa = PBXBuildFile; fileRef = C6623ABE24AB970C003C3519 /* GetVehicleDetailResponse.swift */; };
		C6623AD024AB970C003C3519 /* GetVehicleDetailResponse.swift in Sources */ = {isa = PBXBuildFile; fileRef = C6623ABE24AB970C003C3519 /* GetVehicleDetailResponse.swift */; };
		C6623AD124AB970C003C3519 /* Meta_d.swift in Sources */ = {isa = PBXBuildFile; fileRef = C6623ABF24AB970C003C3519 /* Meta_d.swift */; };
		C6623AD224AB970C003C3519 /* Meta_d.swift in Sources */ = {isa = PBXBuildFile; fileRef = C6623ABF24AB970C003C3519 /* Meta_d.swift */; };
		C6623AD324AB970C003C3519 /* Meta_d.swift in Sources */ = {isa = PBXBuildFile; fileRef = C6623ABF24AB970C003C3519 /* Meta_d.swift */; };
		C6623AD724AB970C003C3519 /* GetVehiclesCountResponse.swift in Sources */ = {isa = PBXBuildFile; fileRef = C6623AC324AB970C003C3519 /* GetVehiclesCountResponse.swift */; };
		C6623AD824AB970C003C3519 /* GetVehiclesCountResponse.swift in Sources */ = {isa = PBXBuildFile; fileRef = C6623AC324AB970C003C3519 /* GetVehiclesCountResponse.swift */; };
		C6623AD924AB970C003C3519 /* GetVehiclesCountResponse.swift in Sources */ = {isa = PBXBuildFile; fileRef = C6623AC324AB970C003C3519 /* GetVehiclesCountResponse.swift */; };
		C6623AE324AB9736003C3519 /* LoginParams.swift in Sources */ = {isa = PBXBuildFile; fileRef = C6623ADC24AB9736003C3519 /* LoginParams.swift */; };
		C6623AE424AB9736003C3519 /* LoginParams.swift in Sources */ = {isa = PBXBuildFile; fileRef = C6623ADC24AB9736003C3519 /* LoginParams.swift */; };
		C6623AE524AB9736003C3519 /* LoginParams.swift in Sources */ = {isa = PBXBuildFile; fileRef = C6623ADC24AB9736003C3519 /* LoginParams.swift */; };
		C6623AE624AB9736003C3519 /* GetVehicleDetailParams.swift in Sources */ = {isa = PBXBuildFile; fileRef = C6623ADD24AB9736003C3519 /* GetVehicleDetailParams.swift */; };
		C6623AE724AB9736003C3519 /* GetVehicleDetailParams.swift in Sources */ = {isa = PBXBuildFile; fileRef = C6623ADD24AB9736003C3519 /* GetVehicleDetailParams.swift */; };
		C6623AE824AB9736003C3519 /* GetVehicleDetailParams.swift in Sources */ = {isa = PBXBuildFile; fileRef = C6623ADD24AB9736003C3519 /* GetVehicleDetailParams.swift */; };
		C6623AE924AB9736003C3519 /* GetVehicleListParams.swift in Sources */ = {isa = PBXBuildFile; fileRef = C6623ADE24AB9736003C3519 /* GetVehicleListParams.swift */; };
		C6623AEA24AB9736003C3519 /* GetVehicleListParams.swift in Sources */ = {isa = PBXBuildFile; fileRef = C6623ADE24AB9736003C3519 /* GetVehicleListParams.swift */; };
		C6623AEB24AB9736003C3519 /* GetVehicleListParams.swift in Sources */ = {isa = PBXBuildFile; fileRef = C6623ADE24AB9736003C3519 /* GetVehicleListParams.swift */; };
		C6623AEC24AB9736003C3519 /* GetVehiclesCountParams.swift in Sources */ = {isa = PBXBuildFile; fileRef = C6623ADF24AB9736003C3519 /* GetVehiclesCountParams.swift */; };
		C6623AED24AB9736003C3519 /* GetVehiclesCountParams.swift in Sources */ = {isa = PBXBuildFile; fileRef = C6623ADF24AB9736003C3519 /* GetVehiclesCountParams.swift */; };
		C6623AEE24AB9736003C3519 /* GetVehiclesCountParams.swift in Sources */ = {isa = PBXBuildFile; fileRef = C6623ADF24AB9736003C3519 /* GetVehiclesCountParams.swift */; };
		C6623AF024AB9A29003C3519 /* GetDeviceDataParams.swift in Sources */ = {isa = PBXBuildFile; fileRef = C6623AEF24AB9A29003C3519 /* GetDeviceDataParams.swift */; };
		C6623AF124AB9A29003C3519 /* GetDeviceDataParams.swift in Sources */ = {isa = PBXBuildFile; fileRef = C6623AEF24AB9A29003C3519 /* GetDeviceDataParams.swift */; };
		C6623AF224AB9A29003C3519 /* GetDeviceDataParams.swift in Sources */ = {isa = PBXBuildFile; fileRef = C6623AEF24AB9A29003C3519 /* GetDeviceDataParams.swift */; };
		C6669FCE24AA20420024527E /* URLBuildable.swift in Sources */ = {isa = PBXBuildFile; fileRef = C6669FC924AA20420024527E /* URLBuildable.swift */; };
		C6669FCF24AA20420024527E /* NetworkEngine.swift in Sources */ = {isa = PBXBuildFile; fileRef = C6669FCA24AA20420024527E /* NetworkEngine.swift */; };
		C6669FD024AA20420024527E /* CommonParser.swift in Sources */ = {isa = PBXBuildFile; fileRef = C6669FCB24AA20420024527E /* CommonParser.swift */; };
		C6669FD124AA20420024527E /* ErrorStruct.swift in Sources */ = {isa = PBXBuildFile; fileRef = C6669FCC24AA20420024527E /* ErrorStruct.swift */; };
		C6669FD224AA20420024527E /* CommonResponse.swift in Sources */ = {isa = PBXBuildFile; fileRef = C6669FCD24AA20420024527E /* CommonResponse.swift */; };
		C6669FD424AA20DD0024527E /* NetworkServiceCalls.swift in Sources */ = {isa = PBXBuildFile; fileRef = C6669FD324AA20DD0024527E /* NetworkServiceCalls.swift */; };
		C6669FDC24AA24870024527E /* Utility.swift in Sources */ = {isa = PBXBuildFile; fileRef = C6669FDB24AA24870024527E /* Utility.swift */; };
		C6669FDE24AA28B10024527E /* ProjectSettings.swift in Sources */ = {isa = PBXBuildFile; fileRef = C6669FDD24AA28B10024527E /* ProjectSettings.swift */; };
		C6669FDF24AA28B10024527E /* ProjectSettings.swift in Sources */ = {isa = PBXBuildFile; fileRef = C6669FDD24AA28B10024527E /* ProjectSettings.swift */; };
		C6669FE024AA28B10024527E /* ProjectSettings.swift in Sources */ = {isa = PBXBuildFile; fileRef = C6669FDD24AA28B10024527E /* ProjectSettings.swift */; };
		C6669FE224AA29750024527E /* APIConstants.swift in Sources */ = {isa = PBXBuildFile; fileRef = C6669FE124AA29750024527E /* APIConstants.swift */; };
		C6669FE324AA29750024527E /* APIConstants.swift in Sources */ = {isa = PBXBuildFile; fileRef = C6669FE124AA29750024527E /* APIConstants.swift */; };
		C6669FE424AA29750024527E /* APIConstants.swift in Sources */ = {isa = PBXBuildFile; fileRef = C6669FE124AA29750024527E /* APIConstants.swift */; };
		C6669FE624AA41E60024527E /* GoogleService-Info.plist in Resources */ = {isa = PBXBuildFile; fileRef = C6669FE524AA41E60024527E /* GoogleService-Info.plist */; };
		C6669FE724AA41E60024527E /* GoogleService-Info.plist in Resources */ = {isa = PBXBuildFile; fileRef = C6669FE524AA41E60024527E /* GoogleService-Info.plist */; };
		C6669FE824AA41E60024527E /* GoogleService-Info.plist in Resources */ = {isa = PBXBuildFile; fileRef = C6669FE524AA41E60024527E /* GoogleService-Info.plist */; };
		C6C9D7EF24A925A700BA7651 /* AppDelegate.swift in Sources */ = {isa = PBXBuildFile; fileRef = C6C9D7EE24A925A700BA7651 /* AppDelegate.swift */; };
		C6C9D7F124A925A700BA7651 /* SceneDelegate.swift in Sources */ = {isa = PBXBuildFile; fileRef = C6C9D7F024A925A700BA7651 /* SceneDelegate.swift */; };
		C6C9D7F324A925A700BA7651 /* ViewController.swift in Sources */ = {isa = PBXBuildFile; fileRef = C6C9D7F224A925A700BA7651 /* ViewController.swift */; };
		C6C9D7F624A925A700BA7651 /* Main.storyboard in Resources */ = {isa = PBXBuildFile; fileRef = C6C9D7F424A925A700BA7651 /* Main.storyboard */; };
		C6C9D7F924A925A700BA7651 /* MERCYDA_TRACK.xcdatamodeld in Sources */ = {isa = PBXBuildFile; fileRef = C6C9D7F724A925A700BA7651 /* MERCYDA_TRACK.xcdatamodeld */; };
		C6C9D7FB24A925A800BA7651 /* Assets.xcassets in Resources */ = {isa = PBXBuildFile; fileRef = C6C9D7FA24A925A800BA7651 /* Assets.xcassets */; };
		C6C9D7FE24A925A800BA7651 /* LaunchScreen.storyboard in Resources */ = {isa = PBXBuildFile; fileRef = C6C9D7FC24A925A800BA7651 /* LaunchScreen.storyboard */; };
		C6C9D80924A925A800BA7651 /* MERCYDA_TRACKTests.swift in Sources */ = {isa = PBXBuildFile; fileRef = C6C9D80824A925A800BA7651 /* MERCYDA_TRACKTests.swift */; };
		C6C9D81424A925A800BA7651 /* MERCYDA_TRACKUITests.swift in Sources */ = {isa = PBXBuildFile; fileRef = C6C9D81324A925A800BA7651 /* MERCYDA_TRACKUITests.swift */; };
		C6C9D82324A92BC000BA7651 /* IQKeyboardManagerSwift in Frameworks */ = {isa = PBXBuildFile; productRef = C6C9D82224A92BC000BA7651 /* IQKeyboardManagerSwift */; };
		C6C9D82624A92BF600BA7651 /* Alamofire in Frameworks */ = {isa = PBXBuildFile; productRef = C6C9D82524A92BF600BA7651 /* Alamofire */; };
		C6C9D82924A92C9900BA7651 /* SDWebImage in Frameworks */ = {isa = PBXBuildFile; productRef = C6C9D82824A92C9900BA7651 /* SDWebImage */; };
		C6C9D82B24A92C9900BA7651 /* SDWebImageMapKit in Frameworks */ = {isa = PBXBuildFile; productRef = C6C9D82A24A92C9900BA7651 /* SDWebImageMapKit */; };
/* End PBXBuildFile section */

/* Begin PBXContainerItemProxy section */
		C6C9D80524A925A800BA7651 /* PBXContainerItemProxy */ = {
			isa = PBXContainerItemProxy;
			containerPortal = C6C9D7E324A925A700BA7651 /* Project object */;
			proxyType = 1;
			remoteGlobalIDString = C6C9D7EA24A925A700BA7651;
			remoteInfo = "MERCYDA TRACK";
		};
		C6C9D81024A925A800BA7651 /* PBXContainerItemProxy */ = {
			isa = PBXContainerItemProxy;
			containerPortal = C6C9D7E324A925A700BA7651 /* Project object */;
			proxyType = 1;
			remoteGlobalIDString = C6C9D7EA24A925A700BA7651;
			remoteInfo = "MERCYDA TRACK";
		};
/* End PBXContainerItemProxy section */

/* Begin PBXFileReference section */
		0E8519C54DD89922301E83E7 /* Pods-MERCYDA TRACK.debug.xcconfig */ = {isa = PBXFileReference; includeInIndex = 1; lastKnownFileType = text.xcconfig; name = "Pods-MERCYDA TRACK.debug.xcconfig"; path = "Target Support Files/Pods-MERCYDA TRACK/Pods-MERCYDA TRACK.debug.xcconfig"; sourceTree = "<group>"; };
		52457D9D24AB78C70078487A /* CoreDataHelper.swift */ = {isa = PBXFileReference; fileEncoding = 4; lastKnownFileType = sourcecode.swift; path = CoreDataHelper.swift; sourceTree = "<group>"; };
		52457D9F24AB78DF0078487A /* Helper.swift */ = {isa = PBXFileReference; fileEncoding = 4; lastKnownFileType = sourcecode.swift; path = Helper.swift; sourceTree = "<group>"; };
		52457DA124AB78E80078487A /* Connectivity.swift */ = {isa = PBXFileReference; fileEncoding = 4; lastKnownFileType = sourcecode.swift; path = Connectivity.swift; sourceTree = "<group>"; };
		52457DA324AB78F30078487A /* Localizable.swift */ = {isa = PBXFileReference; fileEncoding = 4; lastKnownFileType = sourcecode.swift; path = Localizable.swift; sourceTree = "<group>"; };
		52457DAD24AB7B670078487A /* DateFormatter+Extension.swift */ = {isa = PBXFileReference; fileEncoding = 4; lastKnownFileType = sourcecode.swift; path = "DateFormatter+Extension.swift"; sourceTree = "<group>"; };
		52457DB124AB7B7A0078487A /* Dictionary+Extension.swift */ = {isa = PBXFileReference; fileEncoding = 4; lastKnownFileType = sourcecode.swift; path = "Dictionary+Extension.swift"; sourceTree = "<group>"; };
		52457DB524AB7B890078487A /* NSManagedObjectContext+Extension.swift */ = {isa = PBXFileReference; fileEncoding = 4; lastKnownFileType = sourcecode.swift; path = "NSManagedObjectContext+Extension.swift"; sourceTree = "<group>"; };
		52457DB924AB7B900078487A /* String+Extension.swift */ = {isa = PBXFileReference; fileEncoding = 4; lastKnownFileType = sourcecode.swift; path = "String+Extension.swift"; sourceTree = "<group>"; };
		52457DBD24AB7B980078487A /* UIApplication+AppVersion.swift */ = {isa = PBXFileReference; fileEncoding = 4; lastKnownFileType = sourcecode.swift; path = "UIApplication+AppVersion.swift"; sourceTree = "<group>"; };
		52457DC124AB7BA30078487A /* UIApplication+Extension.swift */ = {isa = PBXFileReference; fileEncoding = 4; lastKnownFileType = sourcecode.swift; path = "UIApplication+Extension.swift"; sourceTree = "<group>"; };
		52457DC524AB7BC80078487A /* UINavigationController+Extension.swift */ = {isa = PBXFileReference; fileEncoding = 4; lastKnownFileType = sourcecode.swift; path = "UINavigationController+Extension.swift"; sourceTree = "<group>"; };
		52457DC924AB7BE70078487A /* UIView+Extension.swift */ = {isa = PBXFileReference; fileEncoding = 4; lastKnownFileType = sourcecode.swift; path = "UIView+Extension.swift"; sourceTree = "<group>"; };
		52457DCD24AB7BF00078487A /* UserDefaults+Extension.swift */ = {isa = PBXFileReference; fileEncoding = 4; lastKnownFileType = sourcecode.swift; path = "UserDefaults+Extension.swift"; sourceTree = "<group>"; };
		52457DD124AB7BFB0078487A /* UIColor+Extension.swift */ = {isa = PBXFileReference; fileEncoding = 4; lastKnownFileType = sourcecode.swift; path = "UIColor+Extension.swift"; sourceTree = "<group>"; };
		52457DD524AB7C560078487A /* BaseViewController.swift */ = {isa = PBXFileReference; fileEncoding = 4; lastKnownFileType = sourcecode.swift; path = BaseViewController.swift; sourceTree = "<group>"; };
		52457DDA24AB7CB20078487A /* ThemeManager.swift */ = {isa = PBXFileReference; fileEncoding = 4; lastKnownFileType = sourcecode.swift; path = ThemeManager.swift; sourceTree = "<group>"; };
		52457DDB24AB7CB20078487A /* Styles.swift */ = {isa = PBXFileReference; fileEncoding = 4; lastKnownFileType = sourcecode.swift; path = Styles.swift; sourceTree = "<group>"; };
		52457DE324AB7CF00078487A /* SDKManager.swift */ = {isa = PBXFileReference; fileEncoding = 4; lastKnownFileType = sourcecode.swift; path = SDKManager.swift; sourceTree = "<group>"; };
		52457DF024AB802F0078487A /* LoginViewModel.swift */ = {isa = PBXFileReference; fileEncoding = 4; lastKnownFileType = sourcecode.swift; path = LoginViewModel.swift; sourceTree = "<group>"; };
		52457DF424AB81700078487A /* LoginViewController.swift */ = {isa = PBXFileReference; lastKnownFileType = sourcecode.swift; path = LoginViewController.swift; sourceTree = "<group>"; };
		52457DF824AB83120078487A /* LoginLocalization.swift */ = {isa = PBXFileReference; fileEncoding = 4; lastKnownFileType = sourcecode.swift; path = LoginLocalization.swift; sourceTree = "<group>"; };
		6B9C90438D09EB7B663FEFCA /* Pods-MERCYDA TRACKTests.release.xcconfig */ = {isa = PBXFileReference; includeInIndex = 1; lastKnownFileType = text.xcconfig; name = "Pods-MERCYDA TRACKTests.release.xcconfig"; path = "Target Support Files/Pods-MERCYDA TRACKTests/Pods-MERCYDA TRACKTests.release.xcconfig"; sourceTree = "<group>"; };
		73BE8128D4E4C5750C82229F /* Pods-MERCYDA TRACKTests.debug.xcconfig */ = {isa = PBXFileReference; includeInIndex = 1; lastKnownFileType = text.xcconfig; name = "Pods-MERCYDA TRACKTests.debug.xcconfig"; path = "Target Support Files/Pods-MERCYDA TRACKTests/Pods-MERCYDA TRACKTests.debug.xcconfig"; sourceTree = "<group>"; };
		7ABD410BDEE66698CA5B7150 /* Pods_MERCYDA_TRACK_MERCYDA_TRACKUITests.framework */ = {isa = PBXFileReference; explicitFileType = wrapper.framework; includeInIndex = 0; path = Pods_MERCYDA_TRACK_MERCYDA_TRACKUITests.framework; sourceTree = BUILT_PRODUCTS_DIR; };
		806926523CCCDA21560AE02F /* Pods_MERCYDA_TRACK.framework */ = {isa = PBXFileReference; explicitFileType = wrapper.framework; includeInIndex = 0; path = Pods_MERCYDA_TRACK.framework; sourceTree = BUILT_PRODUCTS_DIR; };
		84E3E52424AD0974004CC622 /* LoginTableviewCell.xib */ = {isa = PBXFileReference; fileEncoding = 4; lastKnownFileType = file.xib; path = LoginTableviewCell.xib; sourceTree = "<group>"; };
		84E3E52524AD0974004CC622 /* LoginTableviewCell.swift */ = {isa = PBXFileReference; fileEncoding = 4; lastKnownFileType = sourcecode.swift; path = LoginTableviewCell.swift; sourceTree = "<group>"; };
		84E3E52C24AD09C9004CC622 /* UItableViewExtension.swift */ = {isa = PBXFileReference; fileEncoding = 4; lastKnownFileType = sourcecode.swift; path = UItableViewExtension.swift; sourceTree = "<group>"; };
		84E3E53024AD09E3004CC622 /* NSObjectExtension.swift */ = {isa = PBXFileReference; fileEncoding = 4; lastKnownFileType = sourcecode.swift; path = NSObjectExtension.swift; sourceTree = "<group>"; };
		84E3E53424AD09F7004CC622 /* StoryboardSupport.swift */ = {isa = PBXFileReference; fileEncoding = 4; lastKnownFileType = sourcecode.swift; path = StoryboardSupport.swift; sourceTree = "<group>"; };
		84E3E53824AD0A0D004CC622 /* Constants.swift */ = {isa = PBXFileReference; fileEncoding = 4; lastKnownFileType = sourcecode.swift; path = Constants.swift; sourceTree = "<group>"; };
		84E3E53C24AD0BE1004CC622 /* Login.storyboard */ = {isa = PBXFileReference; fileEncoding = 4; lastKnownFileType = file.storyboard; path = Login.storyboard; sourceTree = "<group>"; };
		A3642831015A90ADC06D6F53 /* Pods-MERCYDA TRACK.release.xcconfig */ = {isa = PBXFileReference; includeInIndex = 1; lastKnownFileType = text.xcconfig; name = "Pods-MERCYDA TRACK.release.xcconfig"; path = "Target Support Files/Pods-MERCYDA TRACK/Pods-MERCYDA TRACK.release.xcconfig"; sourceTree = "<group>"; };
		AEF1BAFD7A7FE354B466991A /* Pods_MERCYDA_TRACKTests.framework */ = {isa = PBXFileReference; explicitFileType = wrapper.framework; includeInIndex = 0; path = Pods_MERCYDA_TRACKTests.framework; sourceTree = BUILT_PRODUCTS_DIR; };
		C060DEEF8DAF93E0E94EBC33 /* Pods-MERCYDA TRACK-MERCYDA TRACKUITests.release.xcconfig */ = {isa = PBXFileReference; includeInIndex = 1; lastKnownFileType = text.xcconfig; name = "Pods-MERCYDA TRACK-MERCYDA TRACKUITests.release.xcconfig"; path = "Target Support Files/Pods-MERCYDA TRACK-MERCYDA TRACKUITests/Pods-MERCYDA TRACK-MERCYDA TRACKUITests.release.xcconfig"; sourceTree = "<group>"; };
		C6623AB924AB970C003C3519 /* LoginResponse.swift */ = {isa = PBXFileReference; fileEncoding = 4; lastKnownFileType = sourcecode.swift; path = LoginResponse.swift; sourceTree = "<group>"; };
		C6623ABB24AB970C003C3519 /* Last_updated_data.swift */ = {isa = PBXFileReference; fileEncoding = 4; lastKnownFileType = sourcecode.swift; path = Last_updated_data.swift; sourceTree = "<group>"; };
		C6623ABC24AB970C003C3519 /* Vehicle.swift */ = {isa = PBXFileReference; fileEncoding = 4; lastKnownFileType = sourcecode.swift; path = Vehicle.swift; sourceTree = "<group>"; };
		C6623ABE24AB970C003C3519 /* GetVehicleDetailResponse.swift */ = {isa = PBXFileReference; fileEncoding = 4; lastKnownFileType = sourcecode.swift; path = GetVehicleDetailResponse.swift; sourceTree = "<group>"; };
		C6623ABF24AB970C003C3519 /* Meta_d.swift */ = {isa = PBXFileReference; fileEncoding = 4; lastKnownFileType = sourcecode.swift; path = Meta_d.swift; sourceTree = "<group>"; };
		C6623AC324AB970C003C3519 /* GetVehiclesCountResponse.swift */ = {isa = PBXFileReference; fileEncoding = 4; lastKnownFileType = sourcecode.swift; path = GetVehiclesCountResponse.swift; sourceTree = "<group>"; };
		C6623ADC24AB9736003C3519 /* LoginParams.swift */ = {isa = PBXFileReference; fileEncoding = 4; lastKnownFileType = sourcecode.swift; path = LoginParams.swift; sourceTree = "<group>"; };
		C6623ADD24AB9736003C3519 /* GetVehicleDetailParams.swift */ = {isa = PBXFileReference; fileEncoding = 4; lastKnownFileType = sourcecode.swift; path = GetVehicleDetailParams.swift; sourceTree = "<group>"; };
		C6623ADE24AB9736003C3519 /* GetVehicleListParams.swift */ = {isa = PBXFileReference; fileEncoding = 4; lastKnownFileType = sourcecode.swift; path = GetVehicleListParams.swift; sourceTree = "<group>"; };
		C6623ADF24AB9736003C3519 /* GetVehiclesCountParams.swift */ = {isa = PBXFileReference; fileEncoding = 4; lastKnownFileType = sourcecode.swift; path = GetVehiclesCountParams.swift; sourceTree = "<group>"; };
		C6623AEF24AB9A29003C3519 /* GetDeviceDataParams.swift */ = {isa = PBXFileReference; lastKnownFileType = sourcecode.swift; path = GetDeviceDataParams.swift; sourceTree = "<group>"; };
		C6669FC924AA20420024527E /* URLBuildable.swift */ = {isa = PBXFileReference; fileEncoding = 4; lastKnownFileType = sourcecode.swift; path = URLBuildable.swift; sourceTree = "<group>"; };
		C6669FCA24AA20420024527E /* NetworkEngine.swift */ = {isa = PBXFileReference; fileEncoding = 4; lastKnownFileType = sourcecode.swift; path = NetworkEngine.swift; sourceTree = "<group>"; };
		C6669FCB24AA20420024527E /* CommonParser.swift */ = {isa = PBXFileReference; fileEncoding = 4; lastKnownFileType = sourcecode.swift; path = CommonParser.swift; sourceTree = "<group>"; };
		C6669FCC24AA20420024527E /* ErrorStruct.swift */ = {isa = PBXFileReference; fileEncoding = 4; lastKnownFileType = sourcecode.swift; path = ErrorStruct.swift; sourceTree = "<group>"; };
		C6669FCD24AA20420024527E /* CommonResponse.swift */ = {isa = PBXFileReference; fileEncoding = 4; lastKnownFileType = sourcecode.swift; path = CommonResponse.swift; sourceTree = "<group>"; };
		C6669FD324AA20DD0024527E /* NetworkServiceCalls.swift */ = {isa = PBXFileReference; fileEncoding = 4; lastKnownFileType = sourcecode.swift; path = NetworkServiceCalls.swift; sourceTree = "<group>"; };
		C6669FDB24AA24870024527E /* Utility.swift */ = {isa = PBXFileReference; fileEncoding = 4; lastKnownFileType = sourcecode.swift; path = Utility.swift; sourceTree = "<group>"; };
		C6669FDD24AA28B10024527E /* ProjectSettings.swift */ = {isa = PBXFileReference; fileEncoding = 4; lastKnownFileType = sourcecode.swift; path = ProjectSettings.swift; sourceTree = "<group>"; };
		C6669FE124AA29750024527E /* APIConstants.swift */ = {isa = PBXFileReference; fileEncoding = 4; lastKnownFileType = sourcecode.swift; path = APIConstants.swift; sourceTree = "<group>"; };
		C6669FE524AA41E60024527E /* GoogleService-Info.plist */ = {isa = PBXFileReference; fileEncoding = 4; lastKnownFileType = text.plist.xml; path = "GoogleService-Info.plist"; sourceTree = "<group>"; };
		C6C9D7EB24A925A700BA7651 /* MERCYDA TRACK.app */ = {isa = PBXFileReference; explicitFileType = wrapper.application; includeInIndex = 0; path = "MERCYDA TRACK.app"; sourceTree = BUILT_PRODUCTS_DIR; };
		C6C9D7EE24A925A700BA7651 /* AppDelegate.swift */ = {isa = PBXFileReference; lastKnownFileType = sourcecode.swift; path = AppDelegate.swift; sourceTree = "<group>"; };
		C6C9D7F024A925A700BA7651 /* SceneDelegate.swift */ = {isa = PBXFileReference; lastKnownFileType = sourcecode.swift; path = SceneDelegate.swift; sourceTree = "<group>"; };
		C6C9D7F224A925A700BA7651 /* ViewController.swift */ = {isa = PBXFileReference; lastKnownFileType = sourcecode.swift; path = ViewController.swift; sourceTree = "<group>"; };
		C6C9D7F524A925A700BA7651 /* Base */ = {isa = PBXFileReference; lastKnownFileType = file.storyboard; name = Base; path = Base.lproj/Main.storyboard; sourceTree = "<group>"; };
		C6C9D7F824A925A700BA7651 /* MERCYDA_TRACK.xcdatamodel */ = {isa = PBXFileReference; lastKnownFileType = wrapper.xcdatamodel; path = MERCYDA_TRACK.xcdatamodel; sourceTree = "<group>"; };
		C6C9D7FA24A925A800BA7651 /* Assets.xcassets */ = {isa = PBXFileReference; lastKnownFileType = folder.assetcatalog; path = Assets.xcassets; sourceTree = "<group>"; };
		C6C9D7FD24A925A800BA7651 /* Base */ = {isa = PBXFileReference; lastKnownFileType = file.storyboard; name = Base; path = Base.lproj/LaunchScreen.storyboard; sourceTree = "<group>"; };
		C6C9D7FF24A925A800BA7651 /* Info.plist */ = {isa = PBXFileReference; lastKnownFileType = text.plist.xml; path = Info.plist; sourceTree = "<group>"; };
		C6C9D80424A925A800BA7651 /* MERCYDA TRACKTests.xctest */ = {isa = PBXFileReference; explicitFileType = wrapper.cfbundle; includeInIndex = 0; path = "MERCYDA TRACKTests.xctest"; sourceTree = BUILT_PRODUCTS_DIR; };
		C6C9D80824A925A800BA7651 /* MERCYDA_TRACKTests.swift */ = {isa = PBXFileReference; lastKnownFileType = sourcecode.swift; path = MERCYDA_TRACKTests.swift; sourceTree = "<group>"; };
		C6C9D80A24A925A800BA7651 /* Info.plist */ = {isa = PBXFileReference; lastKnownFileType = text.plist.xml; path = Info.plist; sourceTree = "<group>"; };
		C6C9D80F24A925A800BA7651 /* MERCYDA TRACKUITests.xctest */ = {isa = PBXFileReference; explicitFileType = wrapper.cfbundle; includeInIndex = 0; path = "MERCYDA TRACKUITests.xctest"; sourceTree = BUILT_PRODUCTS_DIR; };
		C6C9D81324A925A800BA7651 /* MERCYDA_TRACKUITests.swift */ = {isa = PBXFileReference; lastKnownFileType = sourcecode.swift; path = MERCYDA_TRACKUITests.swift; sourceTree = "<group>"; };
		C6C9D81524A925A800BA7651 /* Info.plist */ = {isa = PBXFileReference; lastKnownFileType = text.plist.xml; path = Info.plist; sourceTree = "<group>"; };
		CC9A95C3E36F11D855A82808 /* Pods-MERCYDA TRACK-MERCYDA TRACKUITests.debug.xcconfig */ = {isa = PBXFileReference; includeInIndex = 1; lastKnownFileType = text.xcconfig; name = "Pods-MERCYDA TRACK-MERCYDA TRACKUITests.debug.xcconfig"; path = "Target Support Files/Pods-MERCYDA TRACK-MERCYDA TRACKUITests/Pods-MERCYDA TRACK-MERCYDA TRACKUITests.debug.xcconfig"; sourceTree = "<group>"; };
/* End PBXFileReference section */

/* Begin PBXFrameworksBuildPhase section */
		C6C9D7E824A925A700BA7651 /* Frameworks */ = {
			isa = PBXFrameworksBuildPhase;
			buildActionMask = 2147483647;
			files = (
				C6C9D82624A92BF600BA7651 /* Alamofire in Frameworks */,
				C6C9D82B24A92C9900BA7651 /* SDWebImageMapKit in Frameworks */,
				ABD695CD5CE4C5FC8828EE7A /* Pods_MERCYDA_TRACK.framework in Frameworks */,
				C6C9D82924A92C9900BA7651 /* SDWebImage in Frameworks */,
				C6C9D82324A92BC000BA7651 /* IQKeyboardManagerSwift in Frameworks */,
			);
			runOnlyForDeploymentPostprocessing = 0;
		};
		C6C9D80124A925A800BA7651 /* Frameworks */ = {
			isa = PBXFrameworksBuildPhase;
			buildActionMask = 2147483647;
			files = (
				9AB0BB78C854CCC5EC7D5674 /* Pods_MERCYDA_TRACKTests.framework in Frameworks */,
			);
			runOnlyForDeploymentPostprocessing = 0;
		};
		C6C9D80C24A925A800BA7651 /* Frameworks */ = {
			isa = PBXFrameworksBuildPhase;
			buildActionMask = 2147483647;
			files = (
				4F2E7F190757A87B9C6E1CCF /* Pods_MERCYDA_TRACK_MERCYDA_TRACKUITests.framework in Frameworks */,
			);
			runOnlyForDeploymentPostprocessing = 0;
		};
/* End PBXFrameworksBuildPhase section */

/* Begin PBXGroup section */
		0DB136FABD92C56F2DEC4A9C /* Frameworks */ = {
			isa = PBXGroup;
			children = (
				806926523CCCDA21560AE02F /* Pods_MERCYDA_TRACK.framework */,
				7ABD410BDEE66698CA5B7150 /* Pods_MERCYDA_TRACK_MERCYDA_TRACKUITests.framework */,
				AEF1BAFD7A7FE354B466991A /* Pods_MERCYDA_TRACKTests.framework */,
			);
			name = Frameworks;
			sourceTree = "<group>";
		};
		52457DA524AB7A370078487A /* Source */ = {
			isa = PBXGroup;
			children = (
				52457DA624AB7A470078487A /* Feature */,
				52457DA824AB7A6D0078487A /* BaseClass */,
				52457DA724AB7A590078487A /* AppConfiguration */,
				52457DA924AB7A810078487A /* Extensions */,
				C6669FDA24AA23DB0024527E /* Utilities */,
				52457DAA24AB7A950078487A /* Manager */,
				52457DAB24AB7AA90078487A /* Resources */,
				52457DAC24AB7AB60078487A /* SupportedFiles */,
			);
			path = Source;
			sourceTree = "<group>";
		};
		52457DA624AB7A470078487A /* Feature */ = {
			isa = PBXGroup;
			children = (
				52457DEF24AB7FC30078487A /* Login */,
			);
			path = Feature;
			sourceTree = "<group>";
		};
		52457DA724AB7A590078487A /* AppConfiguration */ = {
			isa = PBXGroup;
			children = (
				C6C9D7EE24A925A700BA7651 /* AppDelegate.swift */,
				C6C9D7F024A925A700BA7651 /* SceneDelegate.swift */,
			);
			path = AppConfiguration;
			sourceTree = "<group>";
		};
		52457DA824AB7A6D0078487A /* BaseClass */ = {
			isa = PBXGroup;
			children = (
				52457DD524AB7C560078487A /* BaseViewController.swift */,
			);
			path = BaseClass;
			sourceTree = "<group>";
		};
		52457DA924AB7A810078487A /* Extensions */ = {
			isa = PBXGroup;
			children = (
				52457DAD24AB7B670078487A /* DateFormatter+Extension.swift */,
				52457DB124AB7B7A0078487A /* Dictionary+Extension.swift */,
				52457DB524AB7B890078487A /* NSManagedObjectContext+Extension.swift */,
				52457DB924AB7B900078487A /* String+Extension.swift */,
				52457DBD24AB7B980078487A /* UIApplication+AppVersion.swift */,
				52457DC124AB7BA30078487A /* UIApplication+Extension.swift */,
				52457DC524AB7BC80078487A /* UINavigationController+Extension.swift */,
				52457DC924AB7BE70078487A /* UIView+Extension.swift */,
				52457DCD24AB7BF00078487A /* UserDefaults+Extension.swift */,
				52457DD124AB7BFB0078487A /* UIColor+Extension.swift */,
				84E3E52C24AD09C9004CC622 /* UItableViewExtension.swift */,
				84E3E53024AD09E3004CC622 /* NSObjectExtension.swift */,
				84E3E53424AD09F7004CC622 /* StoryboardSupport.swift */,
				84E3E53824AD0A0D004CC622 /* Constants.swift */,
			);
			path = Extensions;
			sourceTree = "<group>";
		};
		52457DAA24AB7A950078487A /* Manager */ = {
			isa = PBXGroup;
			children = (
				52457DE224AB7CD40078487A /* SDKManager */,
				C6669FC424AA1ECC0024527E /* NetworkManager */,
				52457DD924AB7C7A0078487A /* ThemeManager */,
			);
			path = Manager;
			sourceTree = "<group>";
		};
		52457DAB24AB7AA90078487A /* Resources */ = {
			isa = PBXGroup;
			children = (
				C6C9D7FA24A925A800BA7651 /* Assets.xcassets */,
				C6C9D7F424A925A700BA7651 /* Main.storyboard */,
				84E3E53C24AD0BE1004CC622 /* Login.storyboard */,
			);
			path = Resources;
			sourceTree = "<group>";
		};
		52457DAC24AB7AB60078487A /* SupportedFiles */ = {
			isa = PBXGroup;
			children = (
			);
			path = SupportedFiles;
			sourceTree = "<group>";
		};
		52457DD924AB7C7A0078487A /* ThemeManager */ = {
			isa = PBXGroup;
			children = (
				52457DDB24AB7CB20078487A /* Styles.swift */,
				52457DDA24AB7CB20078487A /* ThemeManager.swift */,
			);
			path = ThemeManager;
			sourceTree = "<group>";
		};
		52457DE224AB7CD40078487A /* SDKManager */ = {
			isa = PBXGroup;
			children = (
				52457DE324AB7CF00078487A /* SDKManager.swift */,
			);
			path = SDKManager;
			sourceTree = "<group>";
		};
		52457DEB24AB7F0D0078487A /* View */ = {
			isa = PBXGroup;
			children = (
				52457DF424AB81700078487A /* LoginViewController.swift */,
			);
			path = View;
			sourceTree = "<group>";
		};
		52457DEC24AB7F150078487A /* Models */ = {
			isa = PBXGroup;
			children = (
			);
			path = Models;
			sourceTree = "<group>";
		};
		52457DED24AB7F240078487A /* ViewModel */ = {
			isa = PBXGroup;
			children = (
				52457DF024AB802F0078487A /* LoginViewModel.swift */,
			);
			path = ViewModel;
			sourceTree = "<group>";
		};
		52457DEE24AB7F370078487A /* Utilities */ = {
			isa = PBXGroup;
			children = (
				52457DF824AB83120078487A /* LoginLocalization.swift */,
			);
			path = Utilities;
			sourceTree = "<group>";
		};
		52457DEF24AB7FC30078487A /* Login */ = {
			isa = PBXGroup;
			children = (
				84E3E52324AD0974004CC622 /* TableviewCell */,
				52457DEB24AB7F0D0078487A /* View */,
				52457DED24AB7F240078487A /* ViewModel */,
				52457DEC24AB7F150078487A /* Models */,
				52457DEE24AB7F370078487A /* Utilities */,
			);
			path = Login;
			sourceTree = "<group>";
		};
		84E3E52324AD0974004CC622 /* TableviewCell */ = {
			isa = PBXGroup;
			children = (
				84E3E52424AD0974004CC622 /* LoginTableviewCell.xib */,
				84E3E52524AD0974004CC622 /* LoginTableviewCell.swift */,
			);
			path = TableviewCell;
			sourceTree = "<group>";
		};
		C6623AB724AB970C003C3519 /* ApiModels */ = {
			isa = PBXGroup;
			children = (
				C6623AB824AB970C003C3519 /* LoginModels */,
				C6623ABA24AB970C003C3519 /* GetVehicleListModel */,
				C6623ABD24AB970C003C3519 /* GetVehicleDetailModel */,
				C6623AC224AB970C003C3519 /* GetVehiclesModel */,
				C6623AC424AB970C003C3519 /* GetDeviceDataModel */,
			);
			path = ApiModels;
			sourceTree = "<group>";
		};
		C6623AB824AB970C003C3519 /* LoginModels */ = {
			isa = PBXGroup;
			children = (
				C6623AB924AB970C003C3519 /* LoginResponse.swift */,
			);
			path = LoginModels;
			sourceTree = "<group>";
		};
		C6623ABA24AB970C003C3519 /* GetVehicleListModel */ = {
			isa = PBXGroup;
			children = (
				C6623ABB24AB970C003C3519 /* Last_updated_data.swift */,
				C6623ABC24AB970C003C3519 /* Vehicle.swift */,
			);
			path = GetVehicleListModel;
			sourceTree = "<group>";
		};
		C6623ABD24AB970C003C3519 /* GetVehicleDetailModel */ = {
			isa = PBXGroup;
			children = (
				C6623ABE24AB970C003C3519 /* GetVehicleDetailResponse.swift */,
				C6623ABF24AB970C003C3519 /* Meta_d.swift */,
			);
			path = GetVehicleDetailModel;
			sourceTree = "<group>";
		};
		C6623AC224AB970C003C3519 /* GetVehiclesModel */ = {
			isa = PBXGroup;
			children = (
				C6623AC324AB970C003C3519 /* GetVehiclesCountResponse.swift */,
			);
			path = GetVehiclesModel;
			sourceTree = "<group>";
		};
		C6623AC424AB970C003C3519 /* GetDeviceDataModel */ = {
			isa = PBXGroup;
			children = (
			);
			path = GetDeviceDataModel;
			sourceTree = "<group>";
		};
		C6623ADA24AB9736003C3519 /* RequestParams */ = {
			isa = PBXGroup;
			children = (
				C6623ADC24AB9736003C3519 /* LoginParams.swift */,
				C6623ADD24AB9736003C3519 /* GetVehicleDetailParams.swift */,
				C6623ADE24AB9736003C3519 /* GetVehicleListParams.swift */,
				C6623AEF24AB9A29003C3519 /* GetDeviceDataParams.swift */,
				C6623ADF24AB9736003C3519 /* GetVehiclesCountParams.swift */,
			);
			path = RequestParams;
			sourceTree = "<group>";
		};
		C6669FC424AA1ECC0024527E /* NetworkManager */ = {
			isa = PBXGroup;
			children = (
				C6623ADA24AB9736003C3519 /* RequestParams */,
				C6623AB724AB970C003C3519 /* ApiModels */,
				C6669FC624AA1FB40024527E /* NetworkServiceCalls */,
				C6669FC524AA1FA60024527E /* Helper */,
			);
			path = NetworkManager;
			sourceTree = "<group>";
		};
		C6669FC524AA1FA60024527E /* Helper */ = {
			isa = PBXGroup;
			children = (
				C6669FCB24AA20420024527E /* CommonParser.swift */,
				C6669FCD24AA20420024527E /* CommonResponse.swift */,
				C6669FCC24AA20420024527E /* ErrorStruct.swift */,
				C6669FCA24AA20420024527E /* NetworkEngine.swift */,
				C6669FC924AA20420024527E /* URLBuildable.swift */,
			);
			path = Helper;
			sourceTree = "<group>";
		};
		C6669FC624AA1FB40024527E /* NetworkServiceCalls */ = {
			isa = PBXGroup;
			children = (
				C6669FD324AA20DD0024527E /* NetworkServiceCalls.swift */,
			);
			path = NetworkServiceCalls;
			sourceTree = "<group>";
		};
		C6669FDA24AA23DB0024527E /* Utilities */ = {
			isa = PBXGroup;
			children = (
				C6669FDD24AA28B10024527E /* ProjectSettings.swift */,
				C6669FDB24AA24870024527E /* Utility.swift */,
				C6669FE124AA29750024527E /* APIConstants.swift */,
				52457D9D24AB78C70078487A /* CoreDataHelper.swift */,
				52457D9F24AB78DF0078487A /* Helper.swift */,
				52457DA124AB78E80078487A /* Connectivity.swift */,
				52457DA324AB78F30078487A /* Localizable.swift */,
			);
			path = Utilities;
			sourceTree = "<group>";
		};
		C6C9D7E224A925A700BA7651 = {
			isa = PBXGroup;
			children = (
				C6C9D7ED24A925A700BA7651 /* MERCYDA TRACK */,
				C6C9D80724A925A800BA7651 /* MERCYDA TRACKTests */,
				C6C9D81224A925A800BA7651 /* MERCYDA TRACKUITests */,
				C6C9D7EC24A925A700BA7651 /* Products */,
				CBA94DF2E9CFC8B82B85851C /* Pods */,
				0DB136FABD92C56F2DEC4A9C /* Frameworks */,
			);
			sourceTree = "<group>";
		};
		C6C9D7EC24A925A700BA7651 /* Products */ = {
			isa = PBXGroup;
			children = (
				C6C9D7EB24A925A700BA7651 /* MERCYDA TRACK.app */,
				C6C9D80424A925A800BA7651 /* MERCYDA TRACKTests.xctest */,
				C6C9D80F24A925A800BA7651 /* MERCYDA TRACKUITests.xctest */,
			);
			name = Products;
			sourceTree = "<group>";
		};
		C6C9D7ED24A925A700BA7651 /* MERCYDA TRACK */ = {
			isa = PBXGroup;
			children = (
				52457DA524AB7A370078487A /* Source */,
				C6C9D7F224A925A700BA7651 /* ViewController.swift */,
				C6C9D7FF24A925A800BA7651 /* Info.plist */,
				C6669FE524AA41E60024527E /* GoogleService-Info.plist */,
				C6C9D7FC24A925A800BA7651 /* LaunchScreen.storyboard */,
				C6C9D7F724A925A700BA7651 /* MERCYDA_TRACK.xcdatamodeld */,
			);
			path = "MERCYDA TRACK";
			sourceTree = "<group>";
		};
		C6C9D80724A925A800BA7651 /* MERCYDA TRACKTests */ = {
			isa = PBXGroup;
			children = (
				C6C9D80824A925A800BA7651 /* MERCYDA_TRACKTests.swift */,
				C6C9D80A24A925A800BA7651 /* Info.plist */,
			);
			path = "MERCYDA TRACKTests";
			sourceTree = "<group>";
		};
		C6C9D81224A925A800BA7651 /* MERCYDA TRACKUITests */ = {
			isa = PBXGroup;
			children = (
				C6C9D81324A925A800BA7651 /* MERCYDA_TRACKUITests.swift */,
				C6C9D81524A925A800BA7651 /* Info.plist */,
			);
			path = "MERCYDA TRACKUITests";
			sourceTree = "<group>";
		};
		CBA94DF2E9CFC8B82B85851C /* Pods */ = {
			isa = PBXGroup;
			children = (
				0E8519C54DD89922301E83E7 /* Pods-MERCYDA TRACK.debug.xcconfig */,
				A3642831015A90ADC06D6F53 /* Pods-MERCYDA TRACK.release.xcconfig */,
				CC9A95C3E36F11D855A82808 /* Pods-MERCYDA TRACK-MERCYDA TRACKUITests.debug.xcconfig */,
				C060DEEF8DAF93E0E94EBC33 /* Pods-MERCYDA TRACK-MERCYDA TRACKUITests.release.xcconfig */,
				73BE8128D4E4C5750C82229F /* Pods-MERCYDA TRACKTests.debug.xcconfig */,
				6B9C90438D09EB7B663FEFCA /* Pods-MERCYDA TRACKTests.release.xcconfig */,
			);
			path = Pods;
			sourceTree = "<group>";
		};
/* End PBXGroup section */

/* Begin PBXNativeTarget section */
		C6C9D7EA24A925A700BA7651 /* MERCYDA TRACK */ = {
			isa = PBXNativeTarget;
			buildConfigurationList = C6C9D81824A925A800BA7651 /* Build configuration list for PBXNativeTarget "MERCYDA TRACK" */;
			buildPhases = (
				FF9CE02F2B2686EED5D45A02 /* [CP] Check Pods Manifest.lock */,
				C6C9D7E724A925A700BA7651 /* Sources */,
				C6C9D7E824A925A700BA7651 /* Frameworks */,
				C6C9D7E924A925A700BA7651 /* Resources */,
				42FBAFDA17E93989B037C2B8 /* [CP] Embed Pods Frameworks */,
				C6623A8924AA9092003C3519 /* ShellScript */,
				BF755E9A5926A20D2AB0FC92 /* [CP] Copy Pods Resources */,
			);
			buildRules = (
			);
			dependencies = (
			);
			name = "MERCYDA TRACK";
			packageProductDependencies = (
				C6C9D82224A92BC000BA7651 /* IQKeyboardManagerSwift */,
				C6C9D82524A92BF600BA7651 /* Alamofire */,
				C6C9D82824A92C9900BA7651 /* SDWebImage */,
				C6C9D82A24A92C9900BA7651 /* SDWebImageMapKit */,
			);
			productName = "MERCYDA TRACK";
			productReference = C6C9D7EB24A925A700BA7651 /* MERCYDA TRACK.app */;
			productType = "com.apple.product-type.application";
		};
		C6C9D80324A925A800BA7651 /* MERCYDA TRACKTests */ = {
			isa = PBXNativeTarget;
			buildConfigurationList = C6C9D81B24A925A800BA7651 /* Build configuration list for PBXNativeTarget "MERCYDA TRACKTests" */;
			buildPhases = (
				27D0F9D79A6FE0CBA1627AA0 /* [CP] Check Pods Manifest.lock */,
				C6C9D80024A925A800BA7651 /* Sources */,
				C6C9D80124A925A800BA7651 /* Frameworks */,
				C6C9D80224A925A800BA7651 /* Resources */,
			);
			buildRules = (
			);
			dependencies = (
				C6C9D80624A925A800BA7651 /* PBXTargetDependency */,
			);
			name = "MERCYDA TRACKTests";
			productName = "MERCYDA TRACKTests";
			productReference = C6C9D80424A925A800BA7651 /* MERCYDA TRACKTests.xctest */;
			productType = "com.apple.product-type.bundle.unit-test";
		};
		C6C9D80E24A925A800BA7651 /* MERCYDA TRACKUITests */ = {
			isa = PBXNativeTarget;
			buildConfigurationList = C6C9D81E24A925A800BA7651 /* Build configuration list for PBXNativeTarget "MERCYDA TRACKUITests" */;
			buildPhases = (
				AC54F4F4B9FF18CF3F6860D3 /* [CP] Check Pods Manifest.lock */,
				C6C9D80B24A925A800BA7651 /* Sources */,
				C6C9D80C24A925A800BA7651 /* Frameworks */,
				C6C9D80D24A925A800BA7651 /* Resources */,
				D07D48D88D4CD7847FA7C830 /* [CP] Embed Pods Frameworks */,
				A1A75D6325B99567F84C5161 /* [CP] Copy Pods Resources */,
			);
			buildRules = (
			);
			dependencies = (
				C6C9D81124A925A800BA7651 /* PBXTargetDependency */,
			);
			name = "MERCYDA TRACKUITests";
			productName = "MERCYDA TRACKUITests";
			productReference = C6C9D80F24A925A800BA7651 /* MERCYDA TRACKUITests.xctest */;
			productType = "com.apple.product-type.bundle.ui-testing";
		};
/* End PBXNativeTarget section */

/* Begin PBXProject section */
		C6C9D7E324A925A700BA7651 /* Project object */ = {
			isa = PBXProject;
			attributes = {
				LastSwiftUpdateCheck = 1150;
				LastUpgradeCheck = 1150;
				ORGANIZATIONNAME = "Team Kochi Dev";
				TargetAttributes = {
					C6C9D7EA24A925A700BA7651 = {
						CreatedOnToolsVersion = 11.5;
					};
					C6C9D80324A925A800BA7651 = {
						CreatedOnToolsVersion = 11.5;
						TestTargetID = C6C9D7EA24A925A700BA7651;
					};
					C6C9D80E24A925A800BA7651 = {
						CreatedOnToolsVersion = 11.5;
						TestTargetID = C6C9D7EA24A925A700BA7651;
					};
				};
			};
			buildConfigurationList = C6C9D7E624A925A700BA7651 /* Build configuration list for PBXProject "MERCYDA TRACK" */;
			compatibilityVersion = "Xcode 9.3";
			developmentRegion = en;
			hasScannedForEncodings = 0;
			knownRegions = (
				en,
				Base,
			);
			mainGroup = C6C9D7E224A925A700BA7651;
			packageReferences = (
				C6C9D82124A92BC000BA7651 /* XCRemoteSwiftPackageReference "IQKeyboardManager" */,
				C6C9D82424A92BF600BA7651 /* XCRemoteSwiftPackageReference "Alamofire" */,
				C6C9D82724A92C9900BA7651 /* XCRemoteSwiftPackageReference "SDWebImage" */,
			);
			productRefGroup = C6C9D7EC24A925A700BA7651 /* Products */;
			projectDirPath = "";
			projectRoot = "";
			targets = (
				C6C9D7EA24A925A700BA7651 /* MERCYDA TRACK */,
				C6C9D80324A925A800BA7651 /* MERCYDA TRACKTests */,
				C6C9D80E24A925A800BA7651 /* MERCYDA TRACKUITests */,
			);
		};
/* End PBXProject section */

/* Begin PBXResourcesBuildPhase section */
		C6C9D7E924A925A700BA7651 /* Resources */ = {
			isa = PBXResourcesBuildPhase;
			buildActionMask = 2147483647;
			files = (
				84E3E52624AD0974004CC622 /* LoginTableviewCell.xib in Resources */,
				C6C9D7FE24A925A800BA7651 /* LaunchScreen.storyboard in Resources */,
				84E3E53D24AD0BE2004CC622 /* Login.storyboard in Resources */,
				C6669FE624AA41E60024527E /* GoogleService-Info.plist in Resources */,
				C6C9D7FB24A925A800BA7651 /* Assets.xcassets in Resources */,
				C6C9D7F624A925A700BA7651 /* Main.storyboard in Resources */,
			);
			runOnlyForDeploymentPostprocessing = 0;
		};
		C6C9D80224A925A800BA7651 /* Resources */ = {
			isa = PBXResourcesBuildPhase;
			buildActionMask = 2147483647;
			files = (
				C6669FE724AA41E60024527E /* GoogleService-Info.plist in Resources */,
				84E3E52724AD0974004CC622 /* LoginTableviewCell.xib in Resources */,
			);
			runOnlyForDeploymentPostprocessing = 0;
		};
		C6C9D80D24A925A800BA7651 /* Resources */ = {
			isa = PBXResourcesBuildPhase;
			buildActionMask = 2147483647;
			files = (
				C6669FE824AA41E60024527E /* GoogleService-Info.plist in Resources */,
				84E3E52824AD0974004CC622 /* LoginTableviewCell.xib in Resources */,
			);
			runOnlyForDeploymentPostprocessing = 0;
		};
/* End PBXResourcesBuildPhase section */

/* Begin PBXShellScriptBuildPhase section */
		27D0F9D79A6FE0CBA1627AA0 /* [CP] Check Pods Manifest.lock */ = {
			isa = PBXShellScriptBuildPhase;
			buildActionMask = 2147483647;
			files = (
			);
			inputFileListPaths = (
			);
			inputPaths = (
				"${PODS_PODFILE_DIR_PATH}/Podfile.lock",
				"${PODS_ROOT}/Manifest.lock",
			);
			name = "[CP] Check Pods Manifest.lock";
			outputFileListPaths = (
			);
			outputPaths = (
				"$(DERIVED_FILE_DIR)/Pods-MERCYDA TRACKTests-checkManifestLockResult.txt",
			);
			runOnlyForDeploymentPostprocessing = 0;
			shellPath = /bin/sh;
			shellScript = "diff \"${PODS_PODFILE_DIR_PATH}/Podfile.lock\" \"${PODS_ROOT}/Manifest.lock\" > /dev/null\nif [ $? != 0 ] ; then\n    # print error to STDERR\n    echo \"error: The sandbox is not in sync with the Podfile.lock. Run 'pod install' or update your CocoaPods installation.\" >&2\n    exit 1\nfi\n# This output is used by Xcode 'outputs' to avoid re-running this script phase.\necho \"SUCCESS\" > \"${SCRIPT_OUTPUT_FILE_0}\"\n";
			showEnvVarsInLog = 0;
		};
		42FBAFDA17E93989B037C2B8 /* [CP] Embed Pods Frameworks */ = {
			isa = PBXShellScriptBuildPhase;
			buildActionMask = 2147483647;
			files = (
			);
			inputFileListPaths = (
				"${PODS_ROOT}/Target Support Files/Pods-MERCYDA TRACK/Pods-MERCYDA TRACK-frameworks-${CONFIGURATION}-input-files.xcfilelist",
			);
			name = "[CP] Embed Pods Frameworks";
			outputFileListPaths = (
				"${PODS_ROOT}/Target Support Files/Pods-MERCYDA TRACK/Pods-MERCYDA TRACK-frameworks-${CONFIGURATION}-output-files.xcfilelist",
			);
			runOnlyForDeploymentPostprocessing = 0;
			shellPath = /bin/sh;
			shellScript = "\"${PODS_ROOT}/Target Support Files/Pods-MERCYDA TRACK/Pods-MERCYDA TRACK-frameworks.sh\"\n";
			showEnvVarsInLog = 0;
		};
		A1A75D6325B99567F84C5161 /* [CP] Copy Pods Resources */ = {
			isa = PBXShellScriptBuildPhase;
			buildActionMask = 2147483647;
			files = (
			);
			inputFileListPaths = (
				"${PODS_ROOT}/Target Support Files/Pods-MERCYDA TRACK-MERCYDA TRACKUITests/Pods-MERCYDA TRACK-MERCYDA TRACKUITests-resources-${CONFIGURATION}-input-files.xcfilelist",
			);
			name = "[CP] Copy Pods Resources";
			outputFileListPaths = (
				"${PODS_ROOT}/Target Support Files/Pods-MERCYDA TRACK-MERCYDA TRACKUITests/Pods-MERCYDA TRACK-MERCYDA TRACKUITests-resources-${CONFIGURATION}-output-files.xcfilelist",
			);
			runOnlyForDeploymentPostprocessing = 0;
			shellPath = /bin/sh;
			shellScript = "\"${PODS_ROOT}/Target Support Files/Pods-MERCYDA TRACK-MERCYDA TRACKUITests/Pods-MERCYDA TRACK-MERCYDA TRACKUITests-resources.sh\"\n";
			showEnvVarsInLog = 0;
		};
		AC54F4F4B9FF18CF3F6860D3 /* [CP] Check Pods Manifest.lock */ = {
			isa = PBXShellScriptBuildPhase;
			buildActionMask = 2147483647;
			files = (
			);
			inputFileListPaths = (
			);
			inputPaths = (
				"${PODS_PODFILE_DIR_PATH}/Podfile.lock",
				"${PODS_ROOT}/Manifest.lock",
			);
			name = "[CP] Check Pods Manifest.lock";
			outputFileListPaths = (
			);
			outputPaths = (
				"$(DERIVED_FILE_DIR)/Pods-MERCYDA TRACK-MERCYDA TRACKUITests-checkManifestLockResult.txt",
			);
			runOnlyForDeploymentPostprocessing = 0;
			shellPath = /bin/sh;
			shellScript = "diff \"${PODS_PODFILE_DIR_PATH}/Podfile.lock\" \"${PODS_ROOT}/Manifest.lock\" > /dev/null\nif [ $? != 0 ] ; then\n    # print error to STDERR\n    echo \"error: The sandbox is not in sync with the Podfile.lock. Run 'pod install' or update your CocoaPods installation.\" >&2\n    exit 1\nfi\n# This output is used by Xcode 'outputs' to avoid re-running this script phase.\necho \"SUCCESS\" > \"${SCRIPT_OUTPUT_FILE_0}\"\n";
			showEnvVarsInLog = 0;
		};
		BF755E9A5926A20D2AB0FC92 /* [CP] Copy Pods Resources */ = {
			isa = PBXShellScriptBuildPhase;
			buildActionMask = 2147483647;
			files = (
			);
			inputFileListPaths = (
				"${PODS_ROOT}/Target Support Files/Pods-MERCYDA TRACK/Pods-MERCYDA TRACK-resources-${CONFIGURATION}-input-files.xcfilelist",
			);
			name = "[CP] Copy Pods Resources";
			outputFileListPaths = (
				"${PODS_ROOT}/Target Support Files/Pods-MERCYDA TRACK/Pods-MERCYDA TRACK-resources-${CONFIGURATION}-output-files.xcfilelist",
			);
			runOnlyForDeploymentPostprocessing = 0;
			shellPath = /bin/sh;
			shellScript = "\"${PODS_ROOT}/Target Support Files/Pods-MERCYDA TRACK/Pods-MERCYDA TRACK-resources.sh\"\n";
			showEnvVarsInLog = 0;
		};
		C6623A8924AA9092003C3519 /* ShellScript */ = {
			isa = PBXShellScriptBuildPhase;
			buildActionMask = 2147483647;
			files = (
			);
			inputFileListPaths = (
			);
			inputPaths = (
				"$(SRCROOT)/MERCYDA TRACK/Info.plist",
			);
			outputFileListPaths = (
			);
			outputPaths = (
			);
			runOnlyForDeploymentPostprocessing = 0;
			shellPath = /bin/sh;
			shellScript = "\"${PODS_ROOT}/FirebaseCrashlytics/run\"\n";
		};
		D07D48D88D4CD7847FA7C830 /* [CP] Embed Pods Frameworks */ = {
			isa = PBXShellScriptBuildPhase;
			buildActionMask = 2147483647;
			files = (
			);
			inputFileListPaths = (
				"${PODS_ROOT}/Target Support Files/Pods-MERCYDA TRACK-MERCYDA TRACKUITests/Pods-MERCYDA TRACK-MERCYDA TRACKUITests-frameworks-${CONFIGURATION}-input-files.xcfilelist",
			);
			name = "[CP] Embed Pods Frameworks";
			outputFileListPaths = (
				"${PODS_ROOT}/Target Support Files/Pods-MERCYDA TRACK-MERCYDA TRACKUITests/Pods-MERCYDA TRACK-MERCYDA TRACKUITests-frameworks-${CONFIGURATION}-output-files.xcfilelist",
			);
			runOnlyForDeploymentPostprocessing = 0;
			shellPath = /bin/sh;
			shellScript = "\"${PODS_ROOT}/Target Support Files/Pods-MERCYDA TRACK-MERCYDA TRACKUITests/Pods-MERCYDA TRACK-MERCYDA TRACKUITests-frameworks.sh\"\n";
			showEnvVarsInLog = 0;
		};
		FF9CE02F2B2686EED5D45A02 /* [CP] Check Pods Manifest.lock */ = {
			isa = PBXShellScriptBuildPhase;
			buildActionMask = 2147483647;
			files = (
			);
			inputFileListPaths = (
			);
			inputPaths = (
				"${PODS_PODFILE_DIR_PATH}/Podfile.lock",
				"${PODS_ROOT}/Manifest.lock",
			);
			name = "[CP] Check Pods Manifest.lock";
			outputFileListPaths = (
			);
			outputPaths = (
				"$(DERIVED_FILE_DIR)/Pods-MERCYDA TRACK-checkManifestLockResult.txt",
			);
			runOnlyForDeploymentPostprocessing = 0;
			shellPath = /bin/sh;
			shellScript = "diff \"${PODS_PODFILE_DIR_PATH}/Podfile.lock\" \"${PODS_ROOT}/Manifest.lock\" > /dev/null\nif [ $? != 0 ] ; then\n    # print error to STDERR\n    echo \"error: The sandbox is not in sync with the Podfile.lock. Run 'pod install' or update your CocoaPods installation.\" >&2\n    exit 1\nfi\n# This output is used by Xcode 'outputs' to avoid re-running this script phase.\necho \"SUCCESS\" > \"${SCRIPT_OUTPUT_FILE_0}\"\n";
			showEnvVarsInLog = 0;
		};
/* End PBXShellScriptBuildPhase section */

/* Begin PBXSourcesBuildPhase section */
		C6C9D7E724A925A700BA7651 /* Sources */ = {
			isa = PBXSourcesBuildPhase;
			buildActionMask = 2147483647;
			files = (
				C6669FCE24AA20420024527E /* URLBuildable.swift in Sources */,
				52457DCA24AB7BE70078487A /* UIView+Extension.swift in Sources */,
				52457DA424AB78F30078487A /* Localizable.swift in Sources */,
				C6C9D7F324A925A700BA7651 /* ViewController.swift in Sources */,
				C6669FD224AA20420024527E /* CommonResponse.swift in Sources */,
				52457DC224AB7BA30078487A /* UIApplication+Extension.swift in Sources */,
				C6623AC524AB970C003C3519 /* LoginResponse.swift in Sources */,
				84E3E53124AD09E3004CC622 /* NSObjectExtension.swift in Sources */,
				C6669FCF24AA20420024527E /* NetworkEngine.swift in Sources */,
				C6623ACB24AB970C003C3519 /* Vehicle.swift in Sources */,
				C6669FDE24AA28B10024527E /* ProjectSettings.swift in Sources */,
				52457DF124AB802F0078487A /* LoginViewModel.swift in Sources */,
				52457DD224AB7BFB0078487A /* UIColor+Extension.swift in Sources */,
				C6669FE224AA29750024527E /* APIConstants.swift in Sources */,
				52457D9E24AB78C70078487A /* CoreDataHelper.swift in Sources */,
				52457DBA24AB7B900078487A /* String+Extension.swift in Sources */,
				C6669FD124AA20420024527E /* ErrorStruct.swift in Sources */,
				52457DD624AB7C560078487A /* BaseViewController.swift in Sources */,
				52457DC624AB7BC80078487A /* UINavigationController+Extension.swift in Sources */,
				52457DF924AB83120078487A /* LoginLocalization.swift in Sources */,
				C6623AD124AB970C003C3519 /* Meta_d.swift in Sources */,
				C6623AE924AB9736003C3519 /* GetVehicleListParams.swift in Sources */,
				84E3E52924AD0974004CC622 /* LoginTableviewCell.swift in Sources */,
				C6623AE324AB9736003C3519 /* LoginParams.swift in Sources */,
				52457DA024AB78DF0078487A /* Helper.swift in Sources */,
				84E3E53924AD0A0E004CC622 /* Constants.swift in Sources */,
				52457DBE24AB7B980078487A /* UIApplication+AppVersion.swift in Sources */,
				84E3E52D24AD09C9004CC622 /* UItableViewExtension.swift in Sources */,
				C6C9D7EF24A925A700BA7651 /* AppDelegate.swift in Sources */,
				C6623AD724AB970C003C3519 /* GetVehiclesCountResponse.swift in Sources */,
				C6669FD424AA20DD0024527E /* NetworkServiceCalls.swift in Sources */,
				C6623AC824AB970C003C3519 /* Last_updated_data.swift in Sources */,
				52457DB224AB7B7A0078487A /* Dictionary+Extension.swift in Sources */,
				52457DE424AB7CF00078487A /* SDKManager.swift in Sources */,
				52457DA224AB78E80078487A /* Connectivity.swift in Sources */,
				C6623AF024AB9A29003C3519 /* GetDeviceDataParams.swift in Sources */,
				52457DF524AB81700078487A /* LoginViewController.swift in Sources */,
				C6669FDC24AA24870024527E /* Utility.swift in Sources */,
				C6C9D7F124A925A700BA7651 /* SceneDelegate.swift in Sources */,
				52457DB624AB7B890078487A /* NSManagedObjectContext+Extension.swift in Sources */,
				C6669FD024AA20420024527E /* CommonParser.swift in Sources */,
				52457DDF24AB7CB20078487A /* Styles.swift in Sources */,
				84E3E53524AD09F7004CC622 /* StoryboardSupport.swift in Sources */,
				52457DAE24AB7B670078487A /* DateFormatter+Extension.swift in Sources */,
				C6623AEC24AB9736003C3519 /* GetVehiclesCountParams.swift in Sources */,
				52457DCE24AB7BF00078487A /* UserDefaults+Extension.swift in Sources */,
				C6623AE624AB9736003C3519 /* GetVehicleDetailParams.swift in Sources */,
				C6623ACE24AB970C003C3519 /* GetVehicleDetailResponse.swift in Sources */,
				C6C9D7F924A925A700BA7651 /* MERCYDA_TRACK.xcdatamodeld in Sources */,
				52457DDC24AB7CB20078487A /* ThemeManager.swift in Sources */,
			);
			runOnlyForDeploymentPostprocessing = 0;
		};
		C6C9D80024A925A800BA7651 /* Sources */ = {
			isa = PBXSourcesBuildPhase;
			buildActionMask = 2147483647;
			files = (
				52457DF624AB81700078487A /* LoginViewController.swift in Sources */,
				84E3E53224AD09E3004CC622 /* NSObjectExtension.swift in Sources */,
				C6669FDF24AA28B10024527E /* ProjectSettings.swift in Sources */,
				C6623AC624AB970C003C3519 /* LoginResponse.swift in Sources */,
				C6623ACC24AB970C003C3519 /* Vehicle.swift in Sources */,
				52457DCB24AB7BE70078487A /* UIView+Extension.swift in Sources */,
				52457DBB24AB7B900078487A /* String+Extension.swift in Sources */,
				52457DB324AB7B7A0078487A /* Dictionary+Extension.swift in Sources */,
				C6623ACF24AB970C003C3519 /* GetVehicleDetailResponse.swift in Sources */,
				C6623AE724AB9736003C3519 /* GetVehicleDetailParams.swift in Sources */,
				52457DB724AB7B890078487A /* NSManagedObjectContext+Extension.swift in Sources */,
				52457DCF24AB7BF00078487A /* UserDefaults+Extension.swift in Sources */,
				52457DFA24AB83120078487A /* LoginLocalization.swift in Sources */,
				C6623AE424AB9736003C3519 /* LoginParams.swift in Sources */,
				C6623AD824AB970C003C3519 /* GetVehiclesCountResponse.swift in Sources */,
				52457DAF24AB7B670078487A /* DateFormatter+Extension.swift in Sources */,
				84E3E52A24AD0974004CC622 /* LoginTableviewCell.swift in Sources */,
				52457DF224AB802F0078487A /* LoginViewModel.swift in Sources */,
				C6C9D80924A925A800BA7651 /* MERCYDA_TRACKTests.swift in Sources */,
				C6623AC924AB970C003C3519 /* Last_updated_data.swift in Sources */,
				52457DE024AB7CB20078487A /* Styles.swift in Sources */,
				84E3E52E24AD09C9004CC622 /* UItableViewExtension.swift in Sources */,
				C6623AED24AB9736003C3519 /* GetVehiclesCountParams.swift in Sources */,
				52457DD324AB7BFB0078487A /* UIColor+Extension.swift in Sources */,
				C6623AEA24AB9736003C3519 /* GetVehicleListParams.swift in Sources */,
				52457DDD24AB7CB20078487A /* ThemeManager.swift in Sources */,
				C6623AF124AB9A29003C3519 /* GetDeviceDataParams.swift in Sources */,
				84E3E53624AD09F7004CC622 /* StoryboardSupport.swift in Sources */,
				52457DC324AB7BA30078487A /* UIApplication+Extension.swift in Sources */,
				C6669FE324AA29750024527E /* APIConstants.swift in Sources */,
				C6623AD224AB970C003C3519 /* Meta_d.swift in Sources */,
				52457DD724AB7C560078487A /* BaseViewController.swift in Sources */,
				52457DBF24AB7B980078487A /* UIApplication+AppVersion.swift in Sources */,
				52457DC724AB7BC80078487A /* UINavigationController+Extension.swift in Sources */,
				52457DE524AB7CF00078487A /* SDKManager.swift in Sources */,
				84E3E53A24AD0A0E004CC622 /* Constants.swift in Sources */,
			);
			runOnlyForDeploymentPostprocessing = 0;
		};
		C6C9D80B24A925A800BA7651 /* Sources */ = {
			isa = PBXSourcesBuildPhase;
			buildActionMask = 2147483647;
			files = (
				52457DF724AB81700078487A /* LoginViewController.swift in Sources */,
				84E3E53324AD09E3004CC622 /* NSObjectExtension.swift in Sources */,
				C6669FE024AA28B10024527E /* ProjectSettings.swift in Sources */,
				C6623AC724AB970C003C3519 /* LoginResponse.swift in Sources */,
				C6623ACD24AB970C003C3519 /* Vehicle.swift in Sources */,
				52457DCC24AB7BE70078487A /* UIView+Extension.swift in Sources */,
				52457DBC24AB7B900078487A /* String+Extension.swift in Sources */,
				52457DB424AB7B7A0078487A /* Dictionary+Extension.swift in Sources */,
				C6623AD024AB970C003C3519 /* GetVehicleDetailResponse.swift in Sources */,
				C6623AE824AB9736003C3519 /* GetVehicleDetailParams.swift in Sources */,
				52457DB824AB7B890078487A /* NSManagedObjectContext+Extension.swift in Sources */,
				52457DD024AB7BF00078487A /* UserDefaults+Extension.swift in Sources */,
				52457DFB24AB83120078487A /* LoginLocalization.swift in Sources */,
				C6623AE524AB9736003C3519 /* LoginParams.swift in Sources */,
				C6623AD924AB970C003C3519 /* GetVehiclesCountResponse.swift in Sources */,
				52457DB024AB7B670078487A /* DateFormatter+Extension.swift in Sources */,
				84E3E52B24AD0974004CC622 /* LoginTableviewCell.swift in Sources */,
				52457DF324AB802F0078487A /* LoginViewModel.swift in Sources */,
				C6C9D81424A925A800BA7651 /* MERCYDA_TRACKUITests.swift in Sources */,
				C6623ACA24AB970C003C3519 /* Last_updated_data.swift in Sources */,
				52457DE124AB7CB20078487A /* Styles.swift in Sources */,
				84E3E52F24AD09C9004CC622 /* UItableViewExtension.swift in Sources */,
				C6623AEE24AB9736003C3519 /* GetVehiclesCountParams.swift in Sources */,
				52457DD424AB7BFB0078487A /* UIColor+Extension.swift in Sources */,
				C6623AEB24AB9736003C3519 /* GetVehicleListParams.swift in Sources */,
				52457DDE24AB7CB20078487A /* ThemeManager.swift in Sources */,
				C6623AF224AB9A29003C3519 /* GetDeviceDataParams.swift in Sources */,
				84E3E53724AD09F7004CC622 /* StoryboardSupport.swift in Sources */,
				52457DC424AB7BA30078487A /* UIApplication+Extension.swift in Sources */,
				C6669FE424AA29750024527E /* APIConstants.swift in Sources */,
				C6623AD324AB970C003C3519 /* Meta_d.swift in Sources */,
				52457DD824AB7C560078487A /* BaseViewController.swift in Sources */,
				52457DC024AB7B980078487A /* UIApplication+AppVersion.swift in Sources */,
				52457DC824AB7BC90078487A /* UINavigationController+Extension.swift in Sources */,
				52457DE624AB7CF00078487A /* SDKManager.swift in Sources */,
				84E3E53B24AD0A0E004CC622 /* Constants.swift in Sources */,
			);
			runOnlyForDeploymentPostprocessing = 0;
		};
/* End PBXSourcesBuildPhase section */

/* Begin PBXTargetDependency section */
		C6C9D80624A925A800BA7651 /* PBXTargetDependency */ = {
			isa = PBXTargetDependency;
			target = C6C9D7EA24A925A700BA7651 /* MERCYDA TRACK */;
			targetProxy = C6C9D80524A925A800BA7651 /* PBXContainerItemProxy */;
		};
		C6C9D81124A925A800BA7651 /* PBXTargetDependency */ = {
			isa = PBXTargetDependency;
			target = C6C9D7EA24A925A700BA7651 /* MERCYDA TRACK */;
			targetProxy = C6C9D81024A925A800BA7651 /* PBXContainerItemProxy */;
		};
/* End PBXTargetDependency section */

/* Begin PBXVariantGroup section */
		C6C9D7F424A925A700BA7651 /* Main.storyboard */ = {
			isa = PBXVariantGroup;
			children = (
				C6C9D7F524A925A700BA7651 /* Base */,
			);
			name = Main.storyboard;
			sourceTree = "<group>";
		};
		C6C9D7FC24A925A800BA7651 /* LaunchScreen.storyboard */ = {
			isa = PBXVariantGroup;
			children = (
				C6C9D7FD24A925A800BA7651 /* Base */,
			);
			name = LaunchScreen.storyboard;
			sourceTree = "<group>";
		};
/* End PBXVariantGroup section */

/* Begin XCBuildConfiguration section */
		C6C9D81624A925A800BA7651 /* Debug */ = {
			isa = XCBuildConfiguration;
			buildSettings = {
				ALWAYS_SEARCH_USER_PATHS = NO;
				CLANG_ANALYZER_NONNULL = YES;
				CLANG_ANALYZER_NUMBER_OBJECT_CONVERSION = YES_AGGRESSIVE;
				CLANG_CXX_LANGUAGE_STANDARD = "gnu++14";
				CLANG_CXX_LIBRARY = "libc++";
				CLANG_ENABLE_MODULES = YES;
				CLANG_ENABLE_OBJC_ARC = YES;
				CLANG_ENABLE_OBJC_WEAK = YES;
				CLANG_WARN_BLOCK_CAPTURE_AUTORELEASING = YES;
				CLANG_WARN_BOOL_CONVERSION = YES;
				CLANG_WARN_COMMA = YES;
				CLANG_WARN_CONSTANT_CONVERSION = YES;
				CLANG_WARN_DEPRECATED_OBJC_IMPLEMENTATIONS = YES;
				CLANG_WARN_DIRECT_OBJC_ISA_USAGE = YES_ERROR;
				CLANG_WARN_DOCUMENTATION_COMMENTS = YES;
				CLANG_WARN_EMPTY_BODY = YES;
				CLANG_WARN_ENUM_CONVERSION = YES;
				CLANG_WARN_INFINITE_RECURSION = YES;
				CLANG_WARN_INT_CONVERSION = YES;
				CLANG_WARN_NON_LITERAL_NULL_CONVERSION = YES;
				CLANG_WARN_OBJC_IMPLICIT_RETAIN_SELF = YES;
				CLANG_WARN_OBJC_LITERAL_CONVERSION = YES;
				CLANG_WARN_OBJC_ROOT_CLASS = YES_ERROR;
				CLANG_WARN_RANGE_LOOP_ANALYSIS = YES;
				CLANG_WARN_STRICT_PROTOTYPES = YES;
				CLANG_WARN_SUSPICIOUS_MOVE = YES;
				CLANG_WARN_UNGUARDED_AVAILABILITY = YES_AGGRESSIVE;
				CLANG_WARN_UNREACHABLE_CODE = YES;
				CLANG_WARN__DUPLICATE_METHOD_MATCH = YES;
				COPY_PHASE_STRIP = NO;
				DEBUG_INFORMATION_FORMAT = dwarf;
				ENABLE_STRICT_OBJC_MSGSEND = YES;
				ENABLE_TESTABILITY = YES;
				GCC_C_LANGUAGE_STANDARD = gnu11;
				GCC_DYNAMIC_NO_PIC = NO;
				GCC_NO_COMMON_BLOCKS = YES;
				GCC_OPTIMIZATION_LEVEL = 0;
				GCC_PREPROCESSOR_DEFINITIONS = (
					"DEBUG=1",
					"$(inherited)",
				);
				GCC_WARN_64_TO_32_BIT_CONVERSION = YES;
				GCC_WARN_ABOUT_RETURN_TYPE = YES_ERROR;
				GCC_WARN_UNDECLARED_SELECTOR = YES;
				GCC_WARN_UNINITIALIZED_AUTOS = YES_AGGRESSIVE;
				GCC_WARN_UNUSED_FUNCTION = YES;
				GCC_WARN_UNUSED_VARIABLE = YES;
				IPHONEOS_DEPLOYMENT_TARGET = 12.0;
				MTL_ENABLE_DEBUG_INFO = INCLUDE_SOURCE;
				MTL_FAST_MATH = YES;
				ONLY_ACTIVE_ARCH = YES;
				SDKROOT = iphoneos;
				SWIFT_ACTIVE_COMPILATION_CONDITIONS = DEBUG;
				SWIFT_OPTIMIZATION_LEVEL = "-Onone";
			};
			name = Debug;
		};
		C6C9D81724A925A800BA7651 /* Release */ = {
			isa = XCBuildConfiguration;
			buildSettings = {
				ALWAYS_SEARCH_USER_PATHS = NO;
				CLANG_ANALYZER_NONNULL = YES;
				CLANG_ANALYZER_NUMBER_OBJECT_CONVERSION = YES_AGGRESSIVE;
				CLANG_CXX_LANGUAGE_STANDARD = "gnu++14";
				CLANG_CXX_LIBRARY = "libc++";
				CLANG_ENABLE_MODULES = YES;
				CLANG_ENABLE_OBJC_ARC = YES;
				CLANG_ENABLE_OBJC_WEAK = YES;
				CLANG_WARN_BLOCK_CAPTURE_AUTORELEASING = YES;
				CLANG_WARN_BOOL_CONVERSION = YES;
				CLANG_WARN_COMMA = YES;
				CLANG_WARN_CONSTANT_CONVERSION = YES;
				CLANG_WARN_DEPRECATED_OBJC_IMPLEMENTATIONS = YES;
				CLANG_WARN_DIRECT_OBJC_ISA_USAGE = YES_ERROR;
				CLANG_WARN_DOCUMENTATION_COMMENTS = YES;
				CLANG_WARN_EMPTY_BODY = YES;
				CLANG_WARN_ENUM_CONVERSION = YES;
				CLANG_WARN_INFINITE_RECURSION = YES;
				CLANG_WARN_INT_CONVERSION = YES;
				CLANG_WARN_NON_LITERAL_NULL_CONVERSION = YES;
				CLANG_WARN_OBJC_IMPLICIT_RETAIN_SELF = YES;
				CLANG_WARN_OBJC_LITERAL_CONVERSION = YES;
				CLANG_WARN_OBJC_ROOT_CLASS = YES_ERROR;
				CLANG_WARN_RANGE_LOOP_ANALYSIS = YES;
				CLANG_WARN_STRICT_PROTOTYPES = YES;
				CLANG_WARN_SUSPICIOUS_MOVE = YES;
				CLANG_WARN_UNGUARDED_AVAILABILITY = YES_AGGRESSIVE;
				CLANG_WARN_UNREACHABLE_CODE = YES;
				CLANG_WARN__DUPLICATE_METHOD_MATCH = YES;
				COPY_PHASE_STRIP = NO;
				DEBUG_INFORMATION_FORMAT = "dwarf-with-dsym";
				ENABLE_NS_ASSERTIONS = NO;
				ENABLE_STRICT_OBJC_MSGSEND = YES;
				GCC_C_LANGUAGE_STANDARD = gnu11;
				GCC_NO_COMMON_BLOCKS = YES;
				GCC_WARN_64_TO_32_BIT_CONVERSION = YES;
				GCC_WARN_ABOUT_RETURN_TYPE = YES_ERROR;
				GCC_WARN_UNDECLARED_SELECTOR = YES;
				GCC_WARN_UNINITIALIZED_AUTOS = YES_AGGRESSIVE;
				GCC_WARN_UNUSED_FUNCTION = YES;
				GCC_WARN_UNUSED_VARIABLE = YES;
				IPHONEOS_DEPLOYMENT_TARGET = 12.0;
				MTL_ENABLE_DEBUG_INFO = NO;
				MTL_FAST_MATH = YES;
				SDKROOT = iphoneos;
				SWIFT_COMPILATION_MODE = wholemodule;
				SWIFT_OPTIMIZATION_LEVEL = "-O";
				VALIDATE_PRODUCT = YES;
			};
			name = Release;
		};
		C6C9D81924A925A800BA7651 /* Debug */ = {
			isa = XCBuildConfiguration;
			baseConfigurationReference = 0E8519C54DD89922301E83E7 /* Pods-MERCYDA TRACK.debug.xcconfig */;
			buildSettings = {
				ASSETCATALOG_COMPILER_APPICON_NAME = AppIcon;
				CODE_SIGN_STYLE = Automatic;
				DEBUG_INFORMATION_FORMAT = "dwarf-with-dsym";
				INFOPLIST_FILE = "MERCYDA TRACK/Info.plist";
				LD_RUNPATH_SEARCH_PATHS = (
					"$(inherited)",
					"@executable_path/Frameworks",
				);
				PRODUCT_BUNDLE_IDENTIFIER = "com.infinicomm.MERCYDA-TRACK";
				PRODUCT_NAME = "$(TARGET_NAME)";
				SWIFT_VERSION = 5.0;
				TARGETED_DEVICE_FAMILY = 1;
			};
			name = Debug;
		};
		C6C9D81A24A925A800BA7651 /* Release */ = {
			isa = XCBuildConfiguration;
			baseConfigurationReference = A3642831015A90ADC06D6F53 /* Pods-MERCYDA TRACK.release.xcconfig */;
			buildSettings = {
				ASSETCATALOG_COMPILER_APPICON_NAME = AppIcon;
				CODE_SIGN_STYLE = Automatic;
				INFOPLIST_FILE = "MERCYDA TRACK/Info.plist";
				LD_RUNPATH_SEARCH_PATHS = (
					"$(inherited)",
					"@executable_path/Frameworks",
				);
				PRODUCT_BUNDLE_IDENTIFIER = "com.infinicomm.MERCYDA-TRACK";
				PRODUCT_NAME = "$(TARGET_NAME)";
				SWIFT_VERSION = 5.0;
				TARGETED_DEVICE_FAMILY = 1;
			};
			name = Release;
		};
		C6C9D81C24A925A800BA7651 /* Debug */ = {
			isa = XCBuildConfiguration;
			baseConfigurationReference = 73BE8128D4E4C5750C82229F /* Pods-MERCYDA TRACKTests.debug.xcconfig */;
			buildSettings = {
				ALWAYS_EMBED_SWIFT_STANDARD_LIBRARIES = YES;
				BUNDLE_LOADER = "$(TEST_HOST)";
				CODE_SIGN_STYLE = Automatic;
				INFOPLIST_FILE = "MERCYDA TRACKTests/Info.plist";
				IPHONEOS_DEPLOYMENT_TARGET = 12.0;
				LD_RUNPATH_SEARCH_PATHS = (
					"$(inherited)",
					"@executable_path/Frameworks",
					"@loader_path/Frameworks",
				);
				PRODUCT_BUNDLE_IDENTIFIER = "com.infinicomm.MERCYDA-TRACKTests";
				PRODUCT_NAME = "$(TARGET_NAME)";
				SWIFT_VERSION = 5.0;
				TARGETED_DEVICE_FAMILY = 1;
				TEST_HOST = "$(BUILT_PRODUCTS_DIR)/MERCYDA TRACK.app/MERCYDA TRACK";
			};
			name = Debug;
		};
		C6C9D81D24A925A800BA7651 /* Release */ = {
			isa = XCBuildConfiguration;
			baseConfigurationReference = 6B9C90438D09EB7B663FEFCA /* Pods-MERCYDA TRACKTests.release.xcconfig */;
			buildSettings = {
				ALWAYS_EMBED_SWIFT_STANDARD_LIBRARIES = YES;
				BUNDLE_LOADER = "$(TEST_HOST)";
				CODE_SIGN_STYLE = Automatic;
				INFOPLIST_FILE = "MERCYDA TRACKTests/Info.plist";
				IPHONEOS_DEPLOYMENT_TARGET = 12.0;
				LD_RUNPATH_SEARCH_PATHS = (
					"$(inherited)",
					"@executable_path/Frameworks",
					"@loader_path/Frameworks",
				);
				PRODUCT_BUNDLE_IDENTIFIER = "com.infinicomm.MERCYDA-TRACKTests";
				PRODUCT_NAME = "$(TARGET_NAME)";
				SWIFT_VERSION = 5.0;
				TARGETED_DEVICE_FAMILY = 1;
				TEST_HOST = "$(BUILT_PRODUCTS_DIR)/MERCYDA TRACK.app/MERCYDA TRACK";
			};
			name = Release;
		};
		C6C9D81F24A925A800BA7651 /* Debug */ = {
			isa = XCBuildConfiguration;
			baseConfigurationReference = CC9A95C3E36F11D855A82808 /* Pods-MERCYDA TRACK-MERCYDA TRACKUITests.debug.xcconfig */;
			buildSettings = {
				ALWAYS_EMBED_SWIFT_STANDARD_LIBRARIES = YES;
				CODE_SIGN_STYLE = Automatic;
				INFOPLIST_FILE = "MERCYDA TRACKUITests/Info.plist";
				LD_RUNPATH_SEARCH_PATHS = (
					"$(inherited)",
					"@executable_path/Frameworks",
					"@loader_path/Frameworks",
				);
				PRODUCT_BUNDLE_IDENTIFIER = "com.infinicomm.MERCYDA-TRACKUITests";
				PRODUCT_NAME = "$(TARGET_NAME)";
				SWIFT_VERSION = 5.0;
				TARGETED_DEVICE_FAMILY = 1;
				TEST_TARGET_NAME = "MERCYDA TRACK";
			};
			name = Debug;
		};
		C6C9D82024A925A800BA7651 /* Release */ = {
			isa = XCBuildConfiguration;
			baseConfigurationReference = C060DEEF8DAF93E0E94EBC33 /* Pods-MERCYDA TRACK-MERCYDA TRACKUITests.release.xcconfig */;
			buildSettings = {
				ALWAYS_EMBED_SWIFT_STANDARD_LIBRARIES = YES;
				CODE_SIGN_STYLE = Automatic;
				INFOPLIST_FILE = "MERCYDA TRACKUITests/Info.plist";
				LD_RUNPATH_SEARCH_PATHS = (
					"$(inherited)",
					"@executable_path/Frameworks",
					"@loader_path/Frameworks",
				);
				PRODUCT_BUNDLE_IDENTIFIER = "com.infinicomm.MERCYDA-TRACKUITests";
				PRODUCT_NAME = "$(TARGET_NAME)";
				SWIFT_VERSION = 5.0;
				TARGETED_DEVICE_FAMILY = 1;
				TEST_TARGET_NAME = "MERCYDA TRACK";
			};
			name = Release;
		};
/* End XCBuildConfiguration section */

/* Begin XCConfigurationList section */
		C6C9D7E624A925A700BA7651 /* Build configuration list for PBXProject "MERCYDA TRACK" */ = {
			isa = XCConfigurationList;
			buildConfigurations = (
				C6C9D81624A925A800BA7651 /* Debug */,
				C6C9D81724A925A800BA7651 /* Release */,
			);
			defaultConfigurationIsVisible = 0;
			defaultConfigurationName = Release;
		};
		C6C9D81824A925A800BA7651 /* Build configuration list for PBXNativeTarget "MERCYDA TRACK" */ = {
			isa = XCConfigurationList;
			buildConfigurations = (
				C6C9D81924A925A800BA7651 /* Debug */,
				C6C9D81A24A925A800BA7651 /* Release */,
			);
			defaultConfigurationIsVisible = 0;
			defaultConfigurationName = Release;
		};
		C6C9D81B24A925A800BA7651 /* Build configuration list for PBXNativeTarget "MERCYDA TRACKTests" */ = {
			isa = XCConfigurationList;
			buildConfigurations = (
				C6C9D81C24A925A800BA7651 /* Debug */,
				C6C9D81D24A925A800BA7651 /* Release */,
			);
			defaultConfigurationIsVisible = 0;
			defaultConfigurationName = Release;
		};
		C6C9D81E24A925A800BA7651 /* Build configuration list for PBXNativeTarget "MERCYDA TRACKUITests" */ = {
			isa = XCConfigurationList;
			buildConfigurations = (
				C6C9D81F24A925A800BA7651 /* Debug */,
				C6C9D82024A925A800BA7651 /* Release */,
			);
			defaultConfigurationIsVisible = 0;
			defaultConfigurationName = Release;
		};
/* End XCConfigurationList section */

/* Begin XCRemoteSwiftPackageReference section */
		C6C9D82124A92BC000BA7651 /* XCRemoteSwiftPackageReference "IQKeyboardManager" */ = {
			isa = XCRemoteSwiftPackageReference;
			repositoryURL = "https://github.com/hackiftekhar/IQKeyboardManager.git";
			requirement = {
				kind = upToNextMajorVersion;
				minimumVersion = 6.5.5;
			};
		};
		C6C9D82424A92BF600BA7651 /* XCRemoteSwiftPackageReference "Alamofire" */ = {
			isa = XCRemoteSwiftPackageReference;
			repositoryURL = "https://github.com/Alamofire/Alamofire.git";
			requirement = {
				kind = upToNextMajorVersion;
				minimumVersion = 5.2.1;
			};
		};
		C6C9D82724A92C9900BA7651 /* XCRemoteSwiftPackageReference "SDWebImage" */ = {
			isa = XCRemoteSwiftPackageReference;
			repositoryURL = "https://github.com/SDWebImage/SDWebImage.git";
			requirement = {
				kind = upToNextMajorVersion;
				minimumVersion = 5.8.2;
			};
		};
/* End XCRemoteSwiftPackageReference section */

/* Begin XCSwiftPackageProductDependency section */
		C6C9D82224A92BC000BA7651 /* IQKeyboardManagerSwift */ = {
			isa = XCSwiftPackageProductDependency;
			package = C6C9D82124A92BC000BA7651 /* XCRemoteSwiftPackageReference "IQKeyboardManager" */;
			productName = IQKeyboardManagerSwift;
		};
		C6C9D82524A92BF600BA7651 /* Alamofire */ = {
			isa = XCSwiftPackageProductDependency;
			package = C6C9D82424A92BF600BA7651 /* XCRemoteSwiftPackageReference "Alamofire" */;
			productName = Alamofire;
		};
		C6C9D82824A92C9900BA7651 /* SDWebImage */ = {
			isa = XCSwiftPackageProductDependency;
			package = C6C9D82724A92C9900BA7651 /* XCRemoteSwiftPackageReference "SDWebImage" */;
			productName = SDWebImage;
		};
		C6C9D82A24A92C9900BA7651 /* SDWebImageMapKit */ = {
			isa = XCSwiftPackageProductDependency;
			package = C6C9D82724A92C9900BA7651 /* XCRemoteSwiftPackageReference "SDWebImage" */;
			productName = SDWebImageMapKit;
		};
/* End XCSwiftPackageProductDependency section */

/* Begin XCVersionGroup section */
		C6C9D7F724A925A700BA7651 /* MERCYDA_TRACK.xcdatamodeld */ = {
			isa = XCVersionGroup;
			children = (
				C6C9D7F824A925A700BA7651 /* MERCYDA_TRACK.xcdatamodel */,
			);
			currentVersion = C6C9D7F824A925A700BA7651 /* MERCYDA_TRACK.xcdatamodel */;
			path = MERCYDA_TRACK.xcdatamodeld;
			sourceTree = "<group>";
			versionGroupType = wrapper.xcdatamodel;
		};
/* End XCVersionGroup section */
	};
	rootObject = C6C9D7E324A925A700BA7651 /* Project object */;
}
